// !$*UTF8*$!
{
	archiveVersion = 1;
	classes = {
	};
	objectVersion = 55;
	objects = {

/* Begin PBXBuildFile section */
		91C9EC0F28D9063600460FF5 /* AppDelegate.swift in Sources */ = {isa = PBXBuildFile; fileRef = 91C9EC0E28D9063600460FF5 /* AppDelegate.swift */; };
		91C9EC1128D9063600460FF5 /* SceneDelegate.swift in Sources */ = {isa = PBXBuildFile; fileRef = 91C9EC1028D9063600460FF5 /* SceneDelegate.swift */; };
		91C9EC1328D9063600460FF5 /* ViewController.swift in Sources */ = {isa = PBXBuildFile; fileRef = 91C9EC1228D9063600460FF5 /* ViewController.swift */; };
		91C9EC1628D9063600460FF5 /* Main.storyboard in Resources */ = {isa = PBXBuildFile; fileRef = 91C9EC1428D9063600460FF5 /* Main.storyboard */; };
		91C9EC1828D9063A00460FF5 /* Assets.xcassets in Resources */ = {isa = PBXBuildFile; fileRef = 91C9EC1728D9063A00460FF5 /* Assets.xcassets */; };
		91C9EC1B28D9063A00460FF5 /* LaunchScreen.storyboard in Resources */ = {isa = PBXBuildFile; fileRef = 91C9EC1928D9063A00460FF5 /* LaunchScreen.storyboard */; };
		91C9EC2628D9063B00460FF5 /* CarteiradaTests.swift in Sources */ = {isa = PBXBuildFile; fileRef = 91C9EC2528D9063B00460FF5 /* CarteiradaTests.swift */; };
		91C9EC3028D9063B00460FF5 /* CarteiradaUITests.swift in Sources */ = {isa = PBXBuildFile; fileRef = 91C9EC2F28D9063B00460FF5 /* CarteiradaUITests.swift */; };
		91C9EC3228D9063B00460FF5 /* CarteiradaUITestsLaunchTests.swift in Sources */ = {isa = PBXBuildFile; fileRef = 91C9EC3128D9063B00460FF5 /* CarteiradaUITestsLaunchTests.swift */; };
/* End PBXBuildFile section */

/* Begin PBXContainerItemProxy section */
		91C9EC2228D9063B00460FF5 /* PBXContainerItemProxy */ = {
			isa = PBXContainerItemProxy;
			containerPortal = 91C9EC0328D9063600460FF5 /* Project object */;
			proxyType = 1;
			remoteGlobalIDString = 91C9EC0A28D9063600460FF5;
			remoteInfo = Carteirada;
		};
		91C9EC2C28D9063B00460FF5 /* PBXContainerItemProxy */ = {
			isa = PBXContainerItemProxy;
			containerPortal = 91C9EC0328D9063600460FF5 /* Project object */;
			proxyType = 1;
			remoteGlobalIDString = 91C9EC0A28D9063600460FF5;
			remoteInfo = Carteirada;
		};
/* End PBXContainerItemProxy section */

/* Begin PBXFileReference section */
		91C9EC0B28D9063600460FF5 /* Carteirada.app */ = {isa = PBXFileReference; explicitFileType = wrapper.application; includeInIndex = 0; path = Carteirada.app; sourceTree = BUILT_PRODUCTS_DIR; };
		91C9EC0E28D9063600460FF5 /* AppDelegate.swift */ = {isa = PBXFileReference; lastKnownFileType = sourcecode.swift; path = AppDelegate.swift; sourceTree = "<group>"; };
		91C9EC1028D9063600460FF5 /* SceneDelegate.swift */ = {isa = PBXFileReference; lastKnownFileType = sourcecode.swift; path = SceneDelegate.swift; sourceTree = "<group>"; };
		91C9EC1228D9063600460FF5 /* ViewController.swift */ = {isa = PBXFileReference; lastKnownFileType = sourcecode.swift; path = ViewController.swift; sourceTree = "<group>"; };
		91C9EC1528D9063600460FF5 /* Base */ = {isa = PBXFileReference; lastKnownFileType = file.storyboard; name = Base; path = Base.lproj/Main.storyboard; sourceTree = "<group>"; };
		91C9EC1728D9063A00460FF5 /* Assets.xcassets */ = {isa = PBXFileReference; lastKnownFileType = folder.assetcatalog; path = Assets.xcassets; sourceTree = "<group>"; };
		91C9EC1A28D9063A00460FF5 /* Base */ = {isa = PBXFileReference; lastKnownFileType = file.storyboard; name = Base; path = Base.lproj/LaunchScreen.storyboard; sourceTree = "<group>"; };
		91C9EC1C28D9063A00460FF5 /* Info.plist */ = {isa = PBXFileReference; lastKnownFileType = text.plist.xml; path = Info.plist; sourceTree = "<group>"; };
		91C9EC2128D9063B00460FF5 /* CarteiradaTests.xctest */ = {isa = PBXFileReference; explicitFileType = wrapper.cfbundle; includeInIndex = 0; path = CarteiradaTests.xctest; sourceTree = BUILT_PRODUCTS_DIR; };
		91C9EC2528D9063B00460FF5 /* CarteiradaTests.swift */ = {isa = PBXFileReference; lastKnownFileType = sourcecode.swift; path = CarteiradaTests.swift; sourceTree = "<group>"; };
		91C9EC2B28D9063B00460FF5 /* CarteiradaUITests.xctest */ = {isa = PBXFileReference; explicitFileType = wrapper.cfbundle; includeInIndex = 0; path = CarteiradaUITests.xctest; sourceTree = BUILT_PRODUCTS_DIR; };
		91C9EC2F28D9063B00460FF5 /* CarteiradaUITests.swift */ = {isa = PBXFileReference; lastKnownFileType = sourcecode.swift; path = CarteiradaUITests.swift; sourceTree = "<group>"; };
		91C9EC3128D9063B00460FF5 /* CarteiradaUITestsLaunchTests.swift */ = {isa = PBXFileReference; lastKnownFileType = sourcecode.swift; path = CarteiradaUITestsLaunchTests.swift; sourceTree = "<group>"; };
/* End PBXFileReference section */

/* Begin PBXFrameworksBuildPhase section */
		91C9EC0828D9063600460FF5 /* Frameworks */ = {
			isa = PBXFrameworksBuildPhase;
			buildActionMask = 2147483647;
			files = (
			);
			runOnlyForDeploymentPostprocessing = 0;
		};
		91C9EC1E28D9063B00460FF5 /* Frameworks */ = {
			isa = PBXFrameworksBuildPhase;
			buildActionMask = 2147483647;
			files = (
			);
			runOnlyForDeploymentPostprocessing = 0;
		};
		91C9EC2828D9063B00460FF5 /* Frameworks */ = {
			isa = PBXFrameworksBuildPhase;
			buildActionMask = 2147483647;
			files = (
			);
			runOnlyForDeploymentPostprocessing = 0;
		};
/* End PBXFrameworksBuildPhase section */

/* Begin PBXGroup section */
		91C9EC0228D9063600460FF5 = {
			isa = PBXGroup;
			children = (
				91C9EC0D28D9063600460FF5 /* Carteirada */,
				91C9EC2428D9063B00460FF5 /* CarteiradaTests */,
				91C9EC2E28D9063B00460FF5 /* CarteiradaUITests */,
				91C9EC0C28D9063600460FF5 /* Products */,
			);
			sourceTree = "<group>";
		};
		91C9EC0C28D9063600460FF5 /* Products */ = {
			isa = PBXGroup;
			children = (
				91C9EC0B28D9063600460FF5 /* Carteirada.app */,
				91C9EC2128D9063B00460FF5 /* CarteiradaTests.xctest */,
				91C9EC2B28D9063B00460FF5 /* CarteiradaUITests.xctest */,
			);
			name = Products;
			sourceTree = "<group>";
		};
		91C9EC0D28D9063600460FF5 /* Carteirada */ = {
			isa = PBXGroup;
			children = (
				91C9EC0E28D9063600460FF5 /* AppDelegate.swift */,
				91C9EC1028D9063600460FF5 /* SceneDelegate.swift */,
				91C9EC1228D9063600460FF5 /* ViewController.swift */,
				91C9EC1428D9063600460FF5 /* Main.storyboard */,
				91C9EC1728D9063A00460FF5 /* Assets.xcassets */,
				91C9EC1928D9063A00460FF5 /* LaunchScreen.storyboard */,
				91C9EC1C28D9063A00460FF5 /* Info.plist */,
			);
			path = Carteirada;
			sourceTree = "<group>";
		};
		91C9EC2428D9063B00460FF5 /* CarteiradaTests */ = {
			isa = PBXGroup;
			children = (
				91C9EC2528D9063B00460FF5 /* CarteiradaTests.swift */,
			);
			path = CarteiradaTests;
			sourceTree = "<group>";
		};
		91C9EC2E28D9063B00460FF5 /* CarteiradaUITests */ = {
			isa = PBXGroup;
			children = (
				91C9EC2F28D9063B00460FF5 /* CarteiradaUITests.swift */,
				91C9EC3128D9063B00460FF5 /* CarteiradaUITestsLaunchTests.swift */,
			);
			path = CarteiradaUITests;
			sourceTree = "<group>";
		};
/* End PBXGroup section */

/* Begin PBXNativeTarget section */
		91C9EC0A28D9063600460FF5 /* Carteirada */ = {
			isa = PBXNativeTarget;
			buildConfigurationList = 91C9EC3528D9063B00460FF5 /* Build configuration list for PBXNativeTarget "Carteirada" */;
			buildPhases = (
				91C9EC0728D9063600460FF5 /* Sources */,
				91C9EC0828D9063600460FF5 /* Frameworks */,
				91C9EC0928D9063600460FF5 /* Resources */,
			);
			buildRules = (
			);
			dependencies = (
			);
			name = Carteirada;
			productName = Carteirada;
			productReference = 91C9EC0B28D9063600460FF5 /* Carteirada.app */;
			productType = "com.apple.product-type.application";
		};
		91C9EC2028D9063B00460FF5 /* CarteiradaTests */ = {
			isa = PBXNativeTarget;
			buildConfigurationList = 91C9EC3828D9063B00460FF5 /* Build configuration list for PBXNativeTarget "CarteiradaTests" */;
			buildPhases = (
				91C9EC1D28D9063B00460FF5 /* Sources */,
				91C9EC1E28D9063B00460FF5 /* Frameworks */,
				91C9EC1F28D9063B00460FF5 /* Resources */,
			);
			buildRules = (
			);
			dependencies = (
				91C9EC2328D9063B00460FF5 /* PBXTargetDependency */,
			);
			name = CarteiradaTests;
			productName = CarteiradaTests;
			productReference = 91C9EC2128D9063B00460FF5 /* CarteiradaTests.xctest */;
			productType = "com.apple.product-type.bundle.unit-test";
		};
		91C9EC2A28D9063B00460FF5 /* CarteiradaUITests */ = {
			isa = PBXNativeTarget;
			buildConfigurationList = 91C9EC3B28D9063B00460FF5 /* Build configuration list for PBXNativeTarget "CarteiradaUITests" */;
			buildPhases = (
				91C9EC2728D9063B00460FF5 /* Sources */,
				91C9EC2828D9063B00460FF5 /* Frameworks */,
				91C9EC2928D9063B00460FF5 /* Resources */,
			);
			buildRules = (
			);
			dependencies = (
				91C9EC2D28D9063B00460FF5 /* PBXTargetDependency */,
			);
			name = CarteiradaUITests;
			productName = CarteiradaUITests;
			productReference = 91C9EC2B28D9063B00460FF5 /* CarteiradaUITests.xctest */;
			productType = "com.apple.product-type.bundle.ui-testing";
		};
/* End PBXNativeTarget section */

/* Begin PBXProject section */
		91C9EC0328D9063600460FF5 /* Project object */ = {
			isa = PBXProject;
			attributes = {
				BuildIndependentTargetsInParallel = 1;
				LastSwiftUpdateCheck = 1340;
				LastUpgradeCheck = 1340;
				TargetAttributes = {
					91C9EC0A28D9063600460FF5 = {
						CreatedOnToolsVersion = 13.4.1;
					};
					91C9EC2028D9063B00460FF5 = {
						CreatedOnToolsVersion = 13.4.1;
						TestTargetID = 91C9EC0A28D9063600460FF5;
					};
					91C9EC2A28D9063B00460FF5 = {
						CreatedOnToolsVersion = 13.4.1;
						TestTargetID = 91C9EC0A28D9063600460FF5;
					};
				};
			};
			buildConfigurationList = 91C9EC0628D9063600460FF5 /* Build configuration list for PBXProject "Carteirada" */;
			compatibilityVersion = "Xcode 13.0";
			developmentRegion = en;
			hasScannedForEncodings = 0;
			knownRegions = (
				en,
				Base,
			);
			mainGroup = 91C9EC0228D9063600460FF5;
			productRefGroup = 91C9EC0C28D9063600460FF5 /* Products */;
			projectDirPath = "";
			projectRoot = "";
			targets = (
				91C9EC0A28D9063600460FF5 /* Carteirada */,
				91C9EC2028D9063B00460FF5 /* CarteiradaTests */,
				91C9EC2A28D9063B00460FF5 /* CarteiradaUITests */,
			);
		};
/* End PBXProject section */

/* Begin PBXResourcesBuildPhase section */
		91C9EC0928D9063600460FF5 /* Resources */ = {
			isa = PBXResourcesBuildPhase;
			buildActionMask = 2147483647;
			files = (
				91C9EC1B28D9063A00460FF5 /* LaunchScreen.storyboard in Resources */,
				91C9EC1828D9063A00460FF5 /* Assets.xcassets in Resources */,
				91C9EC1628D9063600460FF5 /* Main.storyboard in Resources */,
			);
			runOnlyForDeploymentPostprocessing = 0;
		};
		91C9EC1F28D9063B00460FF5 /* Resources */ = {
			isa = PBXResourcesBuildPhase;
			buildActionMask = 2147483647;
			files = (
			);
			runOnlyForDeploymentPostprocessing = 0;
		};
		91C9EC2928D9063B00460FF5 /* Resources */ = {
			isa = PBXResourcesBuildPhase;
			buildActionMask = 2147483647;
			files = (
			);
			runOnlyForDeploymentPostprocessing = 0;
		};
/* End PBXResourcesBuildPhase section */

/* Begin PBXSourcesBuildPhase section */
		91C9EC0728D9063600460FF5 /* Sources */ = {
			isa = PBXSourcesBuildPhase;
			buildActionMask = 2147483647;
			files = (
				91C9EC1328D9063600460FF5 /* ViewController.swift in Sources */,
				91C9EC0F28D9063600460FF5 /* AppDelegate.swift in Sources */,
				91C9EC1128D9063600460FF5 /* SceneDelegate.swift in Sources */,
			);
			runOnlyForDeploymentPostprocessing = 0;
		};
		91C9EC1D28D9063B00460FF5 /* Sources */ = {
			isa = PBXSourcesBuildPhase;
			buildActionMask = 2147483647;
			files = (
				91C9EC2628D9063B00460FF5 /* CarteiradaTests.swift in Sources */,
			);
			runOnlyForDeploymentPostprocessing = 0;
		};
		91C9EC2728D9063B00460FF5 /* Sources */ = {
			isa = PBXSourcesBuildPhase;
			buildActionMask = 2147483647;
			files = (
				91C9EC3228D9063B00460FF5 /* CarteiradaUITestsLaunchTests.swift in Sources */,
				91C9EC3028D9063B00460FF5 /* CarteiradaUITests.swift in Sources */,
			);
			runOnlyForDeploymentPostprocessing = 0;
		};
/* End PBXSourcesBuildPhase section */

/* Begin PBXTargetDependency section */
		91C9EC2328D9063B00460FF5 /* PBXTargetDependency */ = {
			isa = PBXTargetDependency;
			target = 91C9EC0A28D9063600460FF5 /* Carteirada */;
			targetProxy = 91C9EC2228D9063B00460FF5 /* PBXContainerItemProxy */;
		};
		91C9EC2D28D9063B00460FF5 /* PBXTargetDependency */ = {
			isa = PBXTargetDependency;
			target = 91C9EC0A28D9063600460FF5 /* Carteirada */;
			targetProxy = 91C9EC2C28D9063B00460FF5 /* PBXContainerItemProxy */;
		};
/* End PBXTargetDependency section */

/* Begin PBXVariantGroup section */
		91C9EC1428D9063600460FF5 /* Main.storyboard */ = {
			isa = PBXVariantGroup;
			children = (
				91C9EC1528D9063600460FF5 /* Base */,
			);
			name = Main.storyboard;
			sourceTree = "<group>";
		};
		91C9EC1928D9063A00460FF5 /* LaunchScreen.storyboard */ = {
			isa = PBXVariantGroup;
			children = (
				91C9EC1A28D9063A00460FF5 /* Base */,
			);
			name = LaunchScreen.storyboard;
			sourceTree = "<group>";
		};
/* End PBXVariantGroup section */

/* Begin XCBuildConfiguration section */
		91C9EC3328D9063B00460FF5 /* Debug */ = {
			isa = XCBuildConfiguration;
			buildSettings = {
				ALWAYS_SEARCH_USER_PATHS = NO;
				CLANG_ANALYZER_NONNULL = YES;
				CLANG_ANALYZER_NUMBER_OBJECT_CONVERSION = YES_AGGRESSIVE;
				CLANG_CXX_LANGUAGE_STANDARD = "gnu++17";
				CLANG_ENABLE_MODULES = YES;
				CLANG_ENABLE_OBJC_ARC = YES;
				CLANG_ENABLE_OBJC_WEAK = YES;
				CLANG_WARN_BLOCK_CAPTURE_AUTORELEASING = YES;
				CLANG_WARN_BOOL_CONVERSION = YES;
				CLANG_WARN_COMMA = YES;
				CLANG_WARN_CONSTANT_CONVERSION = YES;
				CLANG_WARN_DEPRECATED_OBJC_IMPLEMENTATIONS = YES;
				CLANG_WARN_DIRECT_OBJC_ISA_USAGE = YES_ERROR;
				CLANG_WARN_DOCUMENTATION_COMMENTS = YES;
				CLANG_WARN_EMPTY_BODY = YES;
				CLANG_WARN_ENUM_CONVERSION = YES;
				CLANG_WARN_INFINITE_RECURSION = YES;
				CLANG_WARN_INT_CONVERSION = YES;
				CLANG_WARN_NON_LITERAL_NULL_CONVERSION = YES;
				CLANG_WARN_OBJC_IMPLICIT_RETAIN_SELF = YES;
				CLANG_WARN_OBJC_LITERAL_CONVERSION = YES;
				CLANG_WARN_OBJC_ROOT_CLASS = YES_ERROR;
				CLANG_WARN_QUOTED_INCLUDE_IN_FRAMEWORK_HEADER = YES;
				CLANG_WARN_RANGE_LOOP_ANALYSIS = YES;
				CLANG_WARN_STRICT_PROTOTYPES = YES;
				CLANG_WARN_SUSPICIOUS_MOVE = YES;
				CLANG_WARN_UNGUARDED_AVAILABILITY = YES_AGGRESSIVE;
				CLANG_WARN_UNREACHABLE_CODE = YES;
				CLANG_WARN__DUPLICATE_METHOD_MATCH = YES;
				COPY_PHASE_STRIP = NO;
				DEBUG_INFORMATION_FORMAT = dwarf;
				ENABLE_STRICT_OBJC_MSGSEND = YES;
				ENABLE_TESTABILITY = YES;
				GCC_C_LANGUAGE_STANDARD = gnu11;
				GCC_DYNAMIC_NO_PIC = NO;
				GCC_NO_COMMON_BLOCKS = YES;
				GCC_OPTIMIZATION_LEVEL = 0;
				GCC_PREPROCESSOR_DEFINITIONS = (
					"DEBUG=1",
					"$(inherited)",
				);
				GCC_WARN_64_TO_32_BIT_CONVERSION = YES;
				GCC_WARN_ABOUT_RETURN_TYPE = YES_ERROR;
				GCC_WARN_UNDECLARED_SELECTOR = YES;
				GCC_WARN_UNINITIALIZED_AUTOS = YES_AGGRESSIVE;
				GCC_WARN_UNUSED_FUNCTION = YES;
				GCC_WARN_UNUSED_VARIABLE = YES;
				IPHONEOS_DEPLOYMENT_TARGET = 15.5;
				MTL_ENABLE_DEBUG_INFO = INCLUDE_SOURCE;
				MTL_FAST_MATH = YES;
				ONLY_ACTIVE_ARCH = YES;
				SDKROOT = iphoneos;
				SWIFT_ACTIVE_COMPILATION_CONDITIONS = DEBUG;
				SWIFT_OPTIMIZATION_LEVEL = "-Onone";
			};
			name = Debug;
		};
		91C9EC3428D9063B00460FF5 /* Release */ = {
			isa = XCBuildConfiguration;
			buildSettings = {
				ALWAYS_SEARCH_USER_PATHS = NO;
				CLANG_ANALYZER_NONNULL = YES;
				CLANG_ANALYZER_NUMBER_OBJECT_CONVERSION = YES_AGGRESSIVE;
				CLANG_CXX_LANGUAGE_STANDARD = "gnu++17";
				CLANG_ENABLE_MODULES = YES;
				CLANG_ENABLE_OBJC_ARC = YES;
				CLANG_ENABLE_OBJC_WEAK = YES;
				CLANG_WARN_BLOCK_CAPTURE_AUTORELEASING = YES;
				CLANG_WARN_BOOL_CONVERSION = YES;
				CLANG_WARN_COMMA = YES;
				CLANG_WARN_CONSTANT_CONVERSION = YES;
				CLANG_WARN_DEPRECATED_OBJC_IMPLEMENTATIONS = YES;
				CLANG_WARN_DIRECT_OBJC_ISA_USAGE = YES_ERROR;
				CLANG_WARN_DOCUMENTATION_COMMENTS = YES;
				CLANG_WARN_EMPTY_BODY = YES;
				CLANG_WARN_ENUM_CONVERSION = YES;
				CLANG_WARN_INFINITE_RECURSION = YES;
				CLANG_WARN_INT_CONVERSION = YES;
				CLANG_WARN_NON_LITERAL_NULL_CONVERSION = YES;
				CLANG_WARN_OBJC_IMPLICIT_RETAIN_SELF = YES;
				CLANG_WARN_OBJC_LITERAL_CONVERSION = YES;
				CLANG_WARN_OBJC_ROOT_CLASS = YES_ERROR;
				CLANG_WARN_QUOTED_INCLUDE_IN_FRAMEWORK_HEADER = YES;
				CLANG_WARN_RANGE_LOOP_ANALYSIS = YES;
				CLANG_WARN_STRICT_PROTOTYPES = YES;
				CLANG_WARN_SUSPICIOUS_MOVE = YES;
				CLANG_WARN_UNGUARDED_AVAILABILITY = YES_AGGRESSIVE;
				CLANG_WARN_UNREACHABLE_CODE = YES;
				CLANG_WARN__DUPLICATE_METHOD_MATCH = YES;
				COPY_PHASE_STRIP = NO;
				DEBUG_INFORMATION_FORMAT = "dwarf-with-dsym";
				ENABLE_NS_ASSERTIONS = NO;
				ENABLE_STRICT_OBJC_MSGSEND = YES;
				GCC_C_LANGUAGE_STANDARD = gnu11;
				GCC_NO_COMMON_BLOCKS = YES;
				GCC_WARN_64_TO_32_BIT_CONVERSION = YES;
				GCC_WARN_ABOUT_RETURN_TYPE = YES_ERROR;
				GCC_WARN_UNDECLARED_SELECTOR = YES;
				GCC_WARN_UNINITIALIZED_AUTOS = YES_AGGRESSIVE;
				GCC_WARN_UNUSED_FUNCTION = YES;
				GCC_WARN_UNUSED_VARIABLE = YES;
				IPHONEOS_DEPLOYMENT_TARGET = 15.5;
				MTL_ENABLE_DEBUG_INFO = NO;
				MTL_FAST_MATH = YES;
				SDKROOT = iphoneos;
				SWIFT_COMPILATION_MODE = wholemodule;
				SWIFT_OPTIMIZATION_LEVEL = "-O";
				VALIDATE_PRODUCT = YES;
			};
			name = Release;
		};
		91C9EC3628D9063B00460FF5 /* Debug */ = {
			isa = XCBuildConfiguration;
			buildSettings = {
				ASSETCATALOG_COMPILER_APPICON_NAME = AppIcon;
				ASSETCATALOG_COMPILER_GLOBAL_ACCENT_COLOR_NAME = AccentColor;
				CODE_SIGN_STYLE = Automatic;
				CURRENT_PROJECT_VERSION = 1;
				GENERATE_INFOPLIST_FILE = YES;
				INFOPLIST_FILE = Carteirada/Info.plist;
				INFOPLIST_KEY_UIApplicationSupportsIndirectInputEvents = YES;
				INFOPLIST_KEY_UILaunchStoryboardName = LaunchScreen;
				INFOPLIST_KEY_UIMainStoryboardFile = Main;
				INFOPLIST_KEY_UISupportedInterfaceOrientations_iPad = "UIInterfaceOrientationPortrait UIInterfaceOrientationPortraitUpsideDown UIInterfaceOrientationLandscapeLeft UIInterfaceOrientationLandscapeRight";
				INFOPLIST_KEY_UISupportedInterfaceOrientations_iPhone = "UIInterfaceOrientationPortrait UIInterfaceOrientationLandscapeLeft UIInterfaceOrientationLandscapeRight";
				LD_RUNPATH_SEARCH_PATHS = (
					"$(inherited)",
					"@executable_path/Frameworks",
				);
				MARKETING_VERSION = 1.0;
				PRODUCT_BUNDLE_IDENTIFIER = com.robson.Carteirada;
				PRODUCT_NAME = "$(TARGET_NAME)";
				SWIFT_EMIT_LOC_STRINGS = YES;
				SWIFT_VERSION = 5.0;
				TARGETED_DEVICE_FAMILY = "1,2";
			};
			name = Debug;
		};
		91C9EC3728D9063B00460FF5 /* Release */ = {
			isa = XCBuildConfiguration;
			buildSettings = {
				ASSETCATALOG_COMPILER_APPICON_NAME = AppIcon;
				ASSETCATALOG_COMPILER_GLOBAL_ACCENT_COLOR_NAME = AccentColor;
				CODE_SIGN_STYLE = Automatic;
				CURRENT_PROJECT_VERSION = 1;
				GENERATE_INFOPLIST_FILE = YES;
				INFOPLIST_FILE = Carteirada/Info.plist;
				INFOPLIST_KEY_UIApplicationSupportsIndirectInputEvents = YES;
				INFOPLIST_KEY_UILaunchStoryboardName = LaunchScreen;
				INFOPLIST_KEY_UIMainStoryboardFile = Main;
				INFOPLIST_KEY_UISupportedInterfaceOrientations_iPad = "UIInterfaceOrientationPortrait UIInterfaceOrientationPortraitUpsideDown UIInterfaceOrientationLandscapeLeft UIInterfaceOrientationLandscapeRight";
				INFOPLIST_KEY_UISupportedInterfaceOrientations_iPhone = "UIInterfaceOrientationPortrait UIInterfaceOrientationLandscapeLeft UIInterfaceOrientationLandscapeRight";
				LD_RUNPATH_SEARCH_PATHS = (
					"$(inherited)",
					"@executable_path/Frameworks",
				);
				MARKETING_VERSION = 1.0;
				PRODUCT_BUNDLE_IDENTIFIER = com.robson.Carteirada;
				PRODUCT_NAME = "$(TARGET_NAME)";
				SWIFT_EMIT_LOC_STRINGS = YES;
				SWIFT_VERSION = 5.0;
				TARGETED_DEVICE_FAMILY = "1,2";
			};
			name = Release;
		};
		91C9EC3928D9063B00460FF5 /* Debug */ = {
			isa = XCBuildConfiguration;
			buildSettings = {
				ALWAYS_EMBED_SWIFT_STANDARD_LIBRARIES = YES;
				BUNDLE_LOADER = "$(TEST_HOST)";
				CODE_SIGN_STYLE = Automatic;
				CURRENT_PROJECT_VERSION = 1;
				GENERATE_INFOPLIST_FILE = YES;
				IPHONEOS_DEPLOYMENT_TARGET = 15.5;
				MARKETING_VERSION = 1.0;
				PRODUCT_BUNDLE_IDENTIFIER = com.robson.CarteiradaTests;
				PRODUCT_NAME = "$(TARGET_NAME)";
				SWIFT_EMIT_LOC_STRINGS = NO;
				SWIFT_VERSION = 5.0;
				TARGETED_DEVICE_FAMILY = "1,2";
				TEST_HOST = "$(BUILT_PRODUCTS_DIR)/Carteirada.app/Carteirada";
			};
			name = Debug;
		};
		91C9EC3A28D9063B00460FF5 /* Release */ = {
			isa = XCBuildConfiguration;
			buildSettings = {
				ALWAYS_EMBED_SWIFT_STANDARD_LIBRARIES = YES;
				BUNDLE_LOADER = "$(TEST_HOST)";
				CODE_SIGN_STYLE = Automatic;
				CURRENT_PROJECT_VERSION = 1;
				GENERATE_INFOPLIST_FILE = YES;
				IPHONEOS_DEPLOYMENT_TARGET = 15.5;
				MARKETING_VERSION = 1.0;
				PRODUCT_BUNDLE_IDENTIFIER = com.robson.CarteiradaTests;
				PRODUCT_NAME = "$(TARGET_NAME)";
				SWIFT_EMIT_LOC_STRINGS = NO;
				SWIFT_VERSION = 5.0;
				TARGETED_DEVICE_FAMILY = "1,2";
				TEST_HOST = "$(BUILT_PRODUCTS_DIR)/Carteirada.app/Carteirada";
			};
			name = Release;
		};
		91C9EC3C28D9063B00460FF5 /* Debug */ = {
			isa = XCBuildConfiguration;
			buildSettings = {
				ALWAYS_EMBED_SWIFT_STANDARD_LIBRARIES = YES;
				CODE_SIGN_STYLE = Automatic;
				CURRENT_PROJECT_VERSION = 1;
				GENERATE_INFOPLIST_FILE = YES;
				MARKETING_VERSION = 1.0;
				PRODUCT_BUNDLE_IDENTIFIER = com.robson.CarteiradaUITests;
				PRODUCT_NAME = "$(TARGET_NAME)";
				SWIFT_EMIT_LOC_STRINGS = NO;
				SWIFT_VERSION = 5.0;
				TARGETED_DEVICE_FAMILY = "1,2";
				TEST_TARGET_NAME = Carteirada;
			};
			name = Debug;
		};
		91C9EC3D28D9063B00460FF5 /* Release */ = {
			isa = XCBuildConfiguration;
			buildSettings = {
				ALWAYS_EMBED_SWIFT_STANDARD_LIBRARIES = YES;
				CODE_SIGN_STYLE = Automatic;
				CURRENT_PROJECT_VERSION = 1;
				GENERATE_INFOPLIST_FILE = YES;
				MARKETING_VERSION = 1.0;
				PRODUCT_BUNDLE_IDENTIFIER = com.robson.CarteiradaUITests;
				PRODUCT_NAME = "$(TARGET_NAME)";
				SWIFT_EMIT_LOC_STRINGS = NO;
				SWIFT_VERSION = 5.0;
				TARGETED_DEVICE_FAMILY = "1,2";
				TEST_TARGET_NAME = Carteirada;
			};
			name = Release;
		};
/* End XCBuildConfiguration section */

/* Begin XCConfigurationList section */
		91C9EC0628D9063600460FF5 /* Build configuration list for PBXProject "Carteirada" */ = {
			isa = XCConfigurationList;
			buildConfigurations = (
				91C9EC3328D9063B00460FF5 /* Debug */,
				91C9EC3428D9063B00460FF5 /* Release */,
			);
			defaultConfigurationIsVisible = 0;
			defaultConfigurationName = Release;
		};
		91C9EC3528D9063B00460FF5 /* Build configuration list for PBXNativeTarget "Carteirada" */ = {
			isa = XCConfigurationList;
			buildConfigurations = (
				91C9EC3628D9063B00460FF5 /* Debug */,
				91C9EC3728D9063B00460FF5 /* Release */,
			);
			defaultConfigurationIsVisible = 0;
			defaultConfigurationName = Release;
		};
		91C9EC3828D9063B00460FF5 /* Build configuration list for PBXNativeTarget "CarteiradaTests" */ = {
			isa = XCConfigurationList;
			buildConfigurations = (
				91C9EC3928D9063B00460FF5 /* Debug */,
				91C9EC3A28D9063B00460FF5 /* Release */,
			);
			defaultConfigurationIsVisible = 0;
			defaultConfigurationName = Release;
		};
		91C9EC3B28D9063B00460FF5 /* Build configuration list for PBXNativeTarget "CarteiradaUITests" */ = {
			isa = XCConfigurationList;
			buildConfigurations = (
				91C9EC3C28D9063B00460FF5 /* Debug */,
				91C9EC3D28D9063B00460FF5 /* Release */,
			);
			defaultConfigurationIsVisible = 0;
			defaultConfigurationName = Release;
		};
/* End XCConfigurationList section */
	};
	rootObject = 91C9EC0328D9063600460FF5 /* Project object */;
}
