// !$*UTF8*$!
{
	archiveVersion = 1;
	classes = {
	};
	objectVersion = 55;
	objects = {

/* Begin PBXBuildFile section */
		91F3D97A28D906FC00DD62CB /* AppDelegate.swift in Sources */ = {isa = PBXBuildFile; fileRef = 91F3D97928D906FC00DD62CB /* AppDelegate.swift */; };
		91F3D97C28D906FC00DD62CB /* SceneDelegate.swift in Sources */ = {isa = PBXBuildFile; fileRef = 91F3D97B28D906FC00DD62CB /* SceneDelegate.swift */; };
		91F3D97E28D906FC00DD62CB /* ViewController.swift in Sources */ = {isa = PBXBuildFile; fileRef = 91F3D97D28D906FC00DD62CB /* ViewController.swift */; };
		91F3D98128D906FC00DD62CB /* Main.storyboard in Resources */ = {isa = PBXBuildFile; fileRef = 91F3D97F28D906FC00DD62CB /* Main.storyboard */; };
		91F3D98328D906FD00DD62CB /* Assets.xcassets in Resources */ = {isa = PBXBuildFile; fileRef = 91F3D98228D906FD00DD62CB /* Assets.xcassets */; };
		91F3D98628D906FD00DD62CB /* LaunchScreen.storyboard in Resources */ = {isa = PBXBuildFile; fileRef = 91F3D98428D906FD00DD62CB /* LaunchScreen.storyboard */; };
		91F3D99128D906FD00DD62CB /* carteirada_front_endTests.swift in Sources */ = {isa = PBXBuildFile; fileRef = 91F3D99028D906FD00DD62CB /* carteirada_front_endTests.swift */; };
		91F3D99B28D906FD00DD62CB /* carteirada_front_endUITests.swift in Sources */ = {isa = PBXBuildFile; fileRef = 91F3D99A28D906FD00DD62CB /* carteirada_front_endUITests.swift */; };
		91F3D99D28D906FD00DD62CB /* carteirada_front_endUITestsLaunchTests.swift in Sources */ = {isa = PBXBuildFile; fileRef = 91F3D99C28D906FD00DD62CB /* carteirada_front_endUITestsLaunchTests.swift */; };
/* End PBXBuildFile section */

/* Begin PBXContainerItemProxy section */
		91F3D98D28D906FD00DD62CB /* PBXContainerItemProxy */ = {
			isa = PBXContainerItemProxy;
			containerPortal = 91F3D96E28D906FC00DD62CB /* Project object */;
			proxyType = 1;
			remoteGlobalIDString = 91F3D97528D906FC00DD62CB;
			remoteInfo = "carteirada-front-end";
		};
		91F3D99728D906FD00DD62CB /* PBXContainerItemProxy */ = {
			isa = PBXContainerItemProxy;
			containerPortal = 91F3D96E28D906FC00DD62CB /* Project object */;
			proxyType = 1;
			remoteGlobalIDString = 91F3D97528D906FC00DD62CB;
			remoteInfo = "carteirada-front-end";
		};
/* End PBXContainerItemProxy section */

/* Begin PBXFileReference section */
		91F3D97628D906FC00DD62CB /* carteirada-front-end.app */ = {isa = PBXFileReference; explicitFileType = wrapper.application; includeInIndex = 0; path = "carteirada-front-end.app"; sourceTree = BUILT_PRODUCTS_DIR; };
		91F3D97928D906FC00DD62CB /* AppDelegate.swift */ = {isa = PBXFileReference; lastKnownFileType = sourcecode.swift; path = AppDelegate.swift; sourceTree = "<group>"; };
		91F3D97B28D906FC00DD62CB /* SceneDelegate.swift */ = {isa = PBXFileReference; lastKnownFileType = sourcecode.swift; path = SceneDelegate.swift; sourceTree = "<group>"; };
		91F3D97D28D906FC00DD62CB /* ViewController.swift */ = {isa = PBXFileReference; lastKnownFileType = sourcecode.swift; path = ViewController.swift; sourceTree = "<group>"; };
		91F3D98028D906FC00DD62CB /* Base */ = {isa = PBXFileReference; lastKnownFileType = file.storyboard; name = Base; path = Base.lproj/Main.storyboard; sourceTree = "<group>"; };
		91F3D98228D906FD00DD62CB /* Assets.xcassets */ = {isa = PBXFileReference; lastKnownFileType = folder.assetcatalog; path = Assets.xcassets; sourceTree = "<group>"; };
		91F3D98528D906FD00DD62CB /* Base */ = {isa = PBXFileReference; lastKnownFileType = file.storyboard; name = Base; path = Base.lproj/LaunchScreen.storyboard; sourceTree = "<group>"; };
		91F3D98728D906FD00DD62CB /* Info.plist */ = {isa = PBXFileReference; lastKnownFileType = text.plist.xml; path = Info.plist; sourceTree = "<group>"; };
		91F3D98C28D906FD00DD62CB /* carteirada-front-endTests.xctest */ = {isa = PBXFileReference; explicitFileType = wrapper.cfbundle; includeInIndex = 0; path = "carteirada-front-endTests.xctest"; sourceTree = BUILT_PRODUCTS_DIR; };
		91F3D99028D906FD00DD62CB /* carteirada_front_endTests.swift */ = {isa = PBXFileReference; lastKnownFileType = sourcecode.swift; path = carteirada_front_endTests.swift; sourceTree = "<group>"; };
		91F3D99628D906FD00DD62CB /* carteirada-front-endUITests.xctest */ = {isa = PBXFileReference; explicitFileType = wrapper.cfbundle; includeInIndex = 0; path = "carteirada-front-endUITests.xctest"; sourceTree = BUILT_PRODUCTS_DIR; };
		91F3D99A28D906FD00DD62CB /* carteirada_front_endUITests.swift */ = {isa = PBXFileReference; lastKnownFileType = sourcecode.swift; path = carteirada_front_endUITests.swift; sourceTree = "<group>"; };
		91F3D99C28D906FD00DD62CB /* carteirada_front_endUITestsLaunchTests.swift */ = {isa = PBXFileReference; lastKnownFileType = sourcecode.swift; path = carteirada_front_endUITestsLaunchTests.swift; sourceTree = "<group>"; };
/* End PBXFileReference section */

/* Begin PBXFrameworksBuildPhase section */
		91F3D97328D906FC00DD62CB /* Frameworks */ = {
			isa = PBXFrameworksBuildPhase;
			buildActionMask = 2147483647;
			files = (
			);
			runOnlyForDeploymentPostprocessing = 0;
		};
		91F3D98928D906FD00DD62CB /* Frameworks */ = {
			isa = PBXFrameworksBuildPhase;
			buildActionMask = 2147483647;
			files = (
			);
			runOnlyForDeploymentPostprocessing = 0;
		};
		91F3D99328D906FD00DD62CB /* Frameworks */ = {
			isa = PBXFrameworksBuildPhase;
			buildActionMask = 2147483647;
			files = (
			);
			runOnlyForDeploymentPostprocessing = 0;
		};
/* End PBXFrameworksBuildPhase section */

/* Begin PBXGroup section */
		91F3D96D28D906FC00DD62CB = {
			isa = PBXGroup;
			children = (
				91F3D97828D906FC00DD62CB /* carteirada-front-end */,
				91F3D98F28D906FD00DD62CB /* carteirada-front-endTests */,
				91F3D99928D906FD00DD62CB /* carteirada-front-endUITests */,
				91F3D97728D906FC00DD62CB /* Products */,
			);
			sourceTree = "<group>";
		};
		91F3D97728D906FC00DD62CB /* Products */ = {
			isa = PBXGroup;
			children = (
				91F3D97628D906FC00DD62CB /* carteirada-front-end.app */,
				91F3D98C28D906FD00DD62CB /* carteirada-front-endTests.xctest */,
				91F3D99628D906FD00DD62CB /* carteirada-front-endUITests.xctest */,
			);
			name = Products;
			sourceTree = "<group>";
		};
		91F3D97828D906FC00DD62CB /* carteirada-front-end */ = {
			isa = PBXGroup;
			children = (
				91F3D97928D906FC00DD62CB /* AppDelegate.swift */,
				91F3D97B28D906FC00DD62CB /* SceneDelegate.swift */,
				91F3D97D28D906FC00DD62CB /* ViewController.swift */,
				91F3D97F28D906FC00DD62CB /* Main.storyboard */,
				91F3D98228D906FD00DD62CB /* Assets.xcassets */,
				91F3D98428D906FD00DD62CB /* LaunchScreen.storyboard */,
				91F3D98728D906FD00DD62CB /* Info.plist */,
			);
			path = "carteirada-front-end";
			sourceTree = "<group>";
		};
		91F3D98F28D906FD00DD62CB /* carteirada-front-endTests */ = {
			isa = PBXGroup;
			children = (
				91F3D99028D906FD00DD62CB /* carteirada_front_endTests.swift */,
			);
			path = "carteirada-front-endTests";
			sourceTree = "<group>";
		};
		91F3D99928D906FD00DD62CB /* carteirada-front-endUITests */ = {
			isa = PBXGroup;
			children = (
				91F3D99A28D906FD00DD62CB /* carteirada_front_endUITests.swift */,
				91F3D99C28D906FD00DD62CB /* carteirada_front_endUITestsLaunchTests.swift */,
			);
			path = "carteirada-front-endUITests";
			sourceTree = "<group>";
		};
/* End PBXGroup section */

/* Begin PBXNativeTarget section */
		91F3D97528D906FC00DD62CB /* carteirada-front-end */ = {
			isa = PBXNativeTarget;
			buildConfigurationList = 91F3D9A028D906FD00DD62CB /* Build configuration list for PBXNativeTarget "carteirada-front-end" */;
			buildPhases = (
				91F3D97228D906FC00DD62CB /* Sources */,
				91F3D97328D906FC00DD62CB /* Frameworks */,
				91F3D97428D906FC00DD62CB /* Resources */,
			);
			buildRules = (
			);
			dependencies = (
			);
			name = "carteirada-front-end";
			productName = "carteirada-front-end";
			productReference = 91F3D97628D906FC00DD62CB /* carteirada-front-end.app */;
			productType = "com.apple.product-type.application";
		};
		91F3D98B28D906FD00DD62CB /* carteirada-front-endTests */ = {
			isa = PBXNativeTarget;
			buildConfigurationList = 91F3D9A328D906FD00DD62CB /* Build configuration list for PBXNativeTarget "carteirada-front-endTests" */;
			buildPhases = (
				91F3D98828D906FD00DD62CB /* Sources */,
				91F3D98928D906FD00DD62CB /* Frameworks */,
				91F3D98A28D906FD00DD62CB /* Resources */,
			);
			buildRules = (
			);
			dependencies = (
				91F3D98E28D906FD00DD62CB /* PBXTargetDependency */,
			);
			name = "carteirada-front-endTests";
			productName = "carteirada-front-endTests";
			productReference = 91F3D98C28D906FD00DD62CB /* carteirada-front-endTests.xctest */;
			productType = "com.apple.product-type.bundle.unit-test";
		};
		91F3D99528D906FD00DD62CB /* carteirada-front-endUITests */ = {
			isa = PBXNativeTarget;
			buildConfigurationList = 91F3D9A628D906FD00DD62CB /* Build configuration list for PBXNativeTarget "carteirada-front-endUITests" */;
			buildPhases = (
				91F3D99228D906FD00DD62CB /* Sources */,
				91F3D99328D906FD00DD62CB /* Frameworks */,
				91F3D99428D906FD00DD62CB /* Resources */,
			);
			buildRules = (
			);
			dependencies = (
				91F3D99828D906FD00DD62CB /* PBXTargetDependency */,
			);
			name = "carteirada-front-endUITests";
			productName = "carteirada-front-endUITests";
			productReference = 91F3D99628D906FD00DD62CB /* carteirada-front-endUITests.xctest */;
			productType = "com.apple.product-type.bundle.ui-testing";
		};
/* End PBXNativeTarget section */

/* Begin PBXProject section */
		91F3D96E28D906FC00DD62CB /* Project object */ = {
			isa = PBXProject;
			attributes = {
				BuildIndependentTargetsInParallel = 1;
				LastSwiftUpdateCheck = 1340;
				LastUpgradeCheck = 1340;
				TargetAttributes = {
					91F3D97528D906FC00DD62CB = {
						CreatedOnToolsVersion = 13.4.1;
					};
					91F3D98B28D906FD00DD62CB = {
						CreatedOnToolsVersion = 13.4.1;
						TestTargetID = 91F3D97528D906FC00DD62CB;
					};
					91F3D99528D906FD00DD62CB = {
						CreatedOnToolsVersion = 13.4.1;
						TestTargetID = 91F3D97528D906FC00DD62CB;
					};
				};
			};
			buildConfigurationList = 91F3D97128D906FC00DD62CB /* Build configuration list for PBXProject "carteirada-front-end" */;
			compatibilityVersion = "Xcode 13.0";
			developmentRegion = en;
			hasScannedForEncodings = 0;
			knownRegions = (
				en,
				Base,
			);
			mainGroup = 91F3D96D28D906FC00DD62CB;
			productRefGroup = 91F3D97728D906FC00DD62CB /* Products */;
			projectDirPath = "";
			projectRoot = "";
			targets = (
				91F3D97528D906FC00DD62CB /* carteirada-front-end */,
				91F3D98B28D906FD00DD62CB /* carteirada-front-endTests */,
				91F3D99528D906FD00DD62CB /* carteirada-front-endUITests */,
			);
		};
/* End PBXProject section */

/* Begin PBXResourcesBuildPhase section */
		91F3D97428D906FC00DD62CB /* Resources */ = {
			isa = PBXResourcesBuildPhase;
			buildActionMask = 2147483647;
			files = (
				91F3D98628D906FD00DD62CB /* LaunchScreen.storyboard in Resources */,
				91F3D98328D906FD00DD62CB /* Assets.xcassets in Resources */,
				91F3D98128D906FC00DD62CB /* Main.storyboard in Resources */,
			);
			runOnlyForDeploymentPostprocessing = 0;
		};
		91F3D98A28D906FD00DD62CB /* Resources */ = {
			isa = PBXResourcesBuildPhase;
			buildActionMask = 2147483647;
			files = (
			);
			runOnlyForDeploymentPostprocessing = 0;
		};
		91F3D99428D906FD00DD62CB /* Resources */ = {
			isa = PBXResourcesBuildPhase;
			buildActionMask = 2147483647;
			files = (
			);
			runOnlyForDeploymentPostprocessing = 0;
		};
/* End PBXResourcesBuildPhase section */

/* Begin PBXSourcesBuildPhase section */
		91F3D97228D906FC00DD62CB /* Sources */ = {
			isa = PBXSourcesBuildPhase;
			buildActionMask = 2147483647;
			files = (
				91F3D97E28D906FC00DD62CB /* ViewController.swift in Sources */,
				91F3D97A28D906FC00DD62CB /* AppDelegate.swift in Sources */,
				91F3D97C28D906FC00DD62CB /* SceneDelegate.swift in Sources */,
			);
			runOnlyForDeploymentPostprocessing = 0;
		};
		91F3D98828D906FD00DD62CB /* Sources */ = {
			isa = PBXSourcesBuildPhase;
			buildActionMask = 2147483647;
			files = (
				91F3D99128D906FD00DD62CB /* carteirada_front_endTests.swift in Sources */,
			);
			runOnlyForDeploymentPostprocessing = 0;
		};
		91F3D99228D906FD00DD62CB /* Sources */ = {
			isa = PBXSourcesBuildPhase;
			buildActionMask = 2147483647;
			files = (
				91F3D99D28D906FD00DD62CB /* carteirada_front_endUITestsLaunchTests.swift in Sources */,
				91F3D99B28D906FD00DD62CB /* carteirada_front_endUITests.swift in Sources */,
			);
			runOnlyForDeploymentPostprocessing = 0;
		};
/* End PBXSourcesBuildPhase section */

/* Begin PBXTargetDependency section */
		91F3D98E28D906FD00DD62CB /* PBXTargetDependency */ = {
			isa = PBXTargetDependency;
			target = 91F3D97528D906FC00DD62CB /* carteirada-front-end */;
			targetProxy = 91F3D98D28D906FD00DD62CB /* PBXContainerItemProxy */;
		};
		91F3D99828D906FD00DD62CB /* PBXTargetDependency */ = {
			isa = PBXTargetDependency;
			target = 91F3D97528D906FC00DD62CB /* carteirada-front-end */;
			targetProxy = 91F3D99728D906FD00DD62CB /* PBXContainerItemProxy */;
		};
/* End PBXTargetDependency section */

/* Begin PBXVariantGroup section */
		91F3D97F28D906FC00DD62CB /* Main.storyboard */ = {
			isa = PBXVariantGroup;
			children = (
				91F3D98028D906FC00DD62CB /* Base */,
			);
			name = Main.storyboard;
			sourceTree = "<group>";
		};
		91F3D98428D906FD00DD62CB /* LaunchScreen.storyboard */ = {
			isa = PBXVariantGroup;
			children = (
				91F3D98528D906FD00DD62CB /* Base */,
			);
			name = LaunchScreen.storyboard;
			sourceTree = "<group>";
		};
/* End PBXVariantGroup section */

/* Begin XCBuildConfiguration section */
		91F3D99E28D906FD00DD62CB /* Debug */ = {
			isa = XCBuildConfiguration;
			buildSettings = {
				ALWAYS_SEARCH_USER_PATHS = NO;
				CLANG_ANALYZER_NONNULL = YES;
				CLANG_ANALYZER_NUMBER_OBJECT_CONVERSION = YES_AGGRESSIVE;
				CLANG_CXX_LANGUAGE_STANDARD = "gnu++17";
				CLANG_ENABLE_MODULES = YES;
				CLANG_ENABLE_OBJC_ARC = YES;
				CLANG_ENABLE_OBJC_WEAK = YES;
				CLANG_WARN_BLOCK_CAPTURE_AUTORELEASING = YES;
				CLANG_WARN_BOOL_CONVERSION = YES;
				CLANG_WARN_COMMA = YES;
				CLANG_WARN_CONSTANT_CONVERSION = YES;
				CLANG_WARN_DEPRECATED_OBJC_IMPLEMENTATIONS = YES;
				CLANG_WARN_DIRECT_OBJC_ISA_USAGE = YES_ERROR;
				CLANG_WARN_DOCUMENTATION_COMMENTS = YES;
				CLANG_WARN_EMPTY_BODY = YES;
				CLANG_WARN_ENUM_CONVERSION = YES;
				CLANG_WARN_INFINITE_RECURSION = YES;
				CLANG_WARN_INT_CONVERSION = YES;
				CLANG_WARN_NON_LITERAL_NULL_CONVERSION = YES;
				CLANG_WARN_OBJC_IMPLICIT_RETAIN_SELF = YES;
				CLANG_WARN_OBJC_LITERAL_CONVERSION = YES;
				CLANG_WARN_OBJC_ROOT_CLASS = YES_ERROR;
				CLANG_WARN_QUOTED_INCLUDE_IN_FRAMEWORK_HEADER = YES;
				CLANG_WARN_RANGE_LOOP_ANALYSIS = YES;
				CLANG_WARN_STRICT_PROTOTYPES = YES;
				CLANG_WARN_SUSPICIOUS_MOVE = YES;
				CLANG_WARN_UNGUARDED_AVAILABILITY = YES_AGGRESSIVE;
				CLANG_WARN_UNREACHABLE_CODE = YES;
				CLANG_WARN__DUPLICATE_METHOD_MATCH = YES;
				COPY_PHASE_STRIP = NO;
				DEBUG_INFORMATION_FORMAT = dwarf;
				ENABLE_STRICT_OBJC_MSGSEND = YES;
				ENABLE_TESTABILITY = YES;
				GCC_C_LANGUAGE_STANDARD = gnu11;
				GCC_DYNAMIC_NO_PIC = NO;
				GCC_NO_COMMON_BLOCKS = YES;
				GCC_OPTIMIZATION_LEVEL = 0;
				GCC_PREPROCESSOR_DEFINITIONS = (
					"DEBUG=1",
					"$(inherited)",
				);
				GCC_WARN_64_TO_32_BIT_CONVERSION = YES;
				GCC_WARN_ABOUT_RETURN_TYPE = YES_ERROR;
				GCC_WARN_UNDECLARED_SELECTOR = YES;
				GCC_WARN_UNINITIALIZED_AUTOS = YES_AGGRESSIVE;
				GCC_WARN_UNUSED_FUNCTION = YES;
				GCC_WARN_UNUSED_VARIABLE = YES;
				IPHONEOS_DEPLOYMENT_TARGET = 15.5;
				MTL_ENABLE_DEBUG_INFO = INCLUDE_SOURCE;
				MTL_FAST_MATH = YES;
				ONLY_ACTIVE_ARCH = YES;
				SDKROOT = iphoneos;
				SWIFT_ACTIVE_COMPILATION_CONDITIONS = DEBUG;
				SWIFT_OPTIMIZATION_LEVEL = "-Onone";
			};
			name = Debug;
		};
		91F3D99F28D906FD00DD62CB /* Release */ = {
			isa = XCBuildConfiguration;
			buildSettings = {
				ALWAYS_SEARCH_USER_PATHS = NO;
				CLANG_ANALYZER_NONNULL = YES;
				CLANG_ANALYZER_NUMBER_OBJECT_CONVERSION = YES_AGGRESSIVE;
				CLANG_CXX_LANGUAGE_STANDARD = "gnu++17";
				CLANG_ENABLE_MODULES = YES;
				CLANG_ENABLE_OBJC_ARC = YES;
				CLANG_ENABLE_OBJC_WEAK = YES;
				CLANG_WARN_BLOCK_CAPTURE_AUTORELEASING = YES;
				CLANG_WARN_BOOL_CONVERSION = YES;
				CLANG_WARN_COMMA = YES;
				CLANG_WARN_CONSTANT_CONVERSION = YES;
				CLANG_WARN_DEPRECATED_OBJC_IMPLEMENTATIONS = YES;
				CLANG_WARN_DIRECT_OBJC_ISA_USAGE = YES_ERROR;
				CLANG_WARN_DOCUMENTATION_COMMENTS = YES;
				CLANG_WARN_EMPTY_BODY = YES;
				CLANG_WARN_ENUM_CONVERSION = YES;
				CLANG_WARN_INFINITE_RECURSION = YES;
				CLANG_WARN_INT_CONVERSION = YES;
				CLANG_WARN_NON_LITERAL_NULL_CONVERSION = YES;
				CLANG_WARN_OBJC_IMPLICIT_RETAIN_SELF = YES;
				CLANG_WARN_OBJC_LITERAL_CONVERSION = YES;
				CLANG_WARN_OBJC_ROOT_CLASS = YES_ERROR;
				CLANG_WARN_QUOTED_INCLUDE_IN_FRAMEWORK_HEADER = YES;
				CLANG_WARN_RANGE_LOOP_ANALYSIS = YES;
				CLANG_WARN_STRICT_PROTOTYPES = YES;
				CLANG_WARN_SUSPICIOUS_MOVE = YES;
				CLANG_WARN_UNGUARDED_AVAILABILITY = YES_AGGRESSIVE;
				CLANG_WARN_UNREACHABLE_CODE = YES;
				CLANG_WARN__DUPLICATE_METHOD_MATCH = YES;
				COPY_PHASE_STRIP = NO;
				DEBUG_INFORMATION_FORMAT = "dwarf-with-dsym";
				ENABLE_NS_ASSERTIONS = NO;
				ENABLE_STRICT_OBJC_MSGSEND = YES;
				GCC_C_LANGUAGE_STANDARD = gnu11;
				GCC_NO_COMMON_BLOCKS = YES;
				GCC_WARN_64_TO_32_BIT_CONVERSION = YES;
				GCC_WARN_ABOUT_RETURN_TYPE = YES_ERROR;
				GCC_WARN_UNDECLARED_SELECTOR = YES;
				GCC_WARN_UNINITIALIZED_AUTOS = YES_AGGRESSIVE;
				GCC_WARN_UNUSED_FUNCTION = YES;
				GCC_WARN_UNUSED_VARIABLE = YES;
				IPHONEOS_DEPLOYMENT_TARGET = 15.5;
				MTL_ENABLE_DEBUG_INFO = NO;
				MTL_FAST_MATH = YES;
				SDKROOT = iphoneos;
				SWIFT_COMPILATION_MODE = wholemodule;
				SWIFT_OPTIMIZATION_LEVEL = "-O";
				VALIDATE_PRODUCT = YES;
			};
			name = Release;
		};
		91F3D9A128D906FD00DD62CB /* Debug */ = {
			isa = XCBuildConfiguration;
			buildSettings = {
				ASSETCATALOG_COMPILER_APPICON_NAME = AppIcon;
				ASSETCATALOG_COMPILER_GLOBAL_ACCENT_COLOR_NAME = AccentColor;
				CODE_SIGN_STYLE = Automatic;
				CURRENT_PROJECT_VERSION = 1;
				GENERATE_INFOPLIST_FILE = YES;
				INFOPLIST_FILE = "carteirada-front-end/Info.plist";
				INFOPLIST_KEY_UIApplicationSupportsIndirectInputEvents = YES;
				INFOPLIST_KEY_UILaunchStoryboardName = LaunchScreen;
				INFOPLIST_KEY_UIMainStoryboardFile = Main;
				INFOPLIST_KEY_UISupportedInterfaceOrientations_iPad = "UIInterfaceOrientationPortrait UIInterfaceOrientationPortraitUpsideDown UIInterfaceOrientationLandscapeLeft UIInterfaceOrientationLandscapeRight";
				INFOPLIST_KEY_UISupportedInterfaceOrientations_iPhone = "UIInterfaceOrientationPortrait UIInterfaceOrientationLandscapeLeft UIInterfaceOrientationLandscapeRight";
				LD_RUNPATH_SEARCH_PATHS = (
					"$(inherited)",
					"@executable_path/Frameworks",
				);
				MARKETING_VERSION = 1.0;
				PRODUCT_BUNDLE_IDENTIFIER = "com.robson.carteirada-front-end";
				PRODUCT_NAME = "$(TARGET_NAME)";
				SWIFT_EMIT_LOC_STRINGS = YES;
				SWIFT_VERSION = 5.0;
				TARGETED_DEVICE_FAMILY = "1,2";
			};
			name = Debug;
		};
		91F3D9A228D906FD00DD62CB /* Release */ = {
			isa = XCBuildConfiguration;
			buildSettings = {
				ASSETCATALOG_COMPILER_APPICON_NAME = AppIcon;
				ASSETCATALOG_COMPILER_GLOBAL_ACCENT_COLOR_NAME = AccentColor;
				CODE_SIGN_STYLE = Automatic;
				CURRENT_PROJECT_VERSION = 1;
				GENERATE_INFOPLIST_FILE = YES;
				INFOPLIST_FILE = "carteirada-front-end/Info.plist";
				INFOPLIST_KEY_UIApplicationSupportsIndirectInputEvents = YES;
				INFOPLIST_KEY_UILaunchStoryboardName = LaunchScreen;
				INFOPLIST_KEY_UIMainStoryboardFile = Main;
				INFOPLIST_KEY_UISupportedInterfaceOrientations_iPad = "UIInterfaceOrientationPortrait UIInterfaceOrientationPortraitUpsideDown UIInterfaceOrientationLandscapeLeft UIInterfaceOrientationLandscapeRight";
				INFOPLIST_KEY_UISupportedInterfaceOrientations_iPhone = "UIInterfaceOrientationPortrait UIInterfaceOrientationLandscapeLeft UIInterfaceOrientationLandscapeRight";
				LD_RUNPATH_SEARCH_PATHS = (
					"$(inherited)",
					"@executable_path/Frameworks",
				);
				MARKETING_VERSION = 1.0;
				PRODUCT_BUNDLE_IDENTIFIER = "com.robson.carteirada-front-end";
				PRODUCT_NAME = "$(TARGET_NAME)";
				SWIFT_EMIT_LOC_STRINGS = YES;
				SWIFT_VERSION = 5.0;
				TARGETED_DEVICE_FAMILY = "1,2";
			};
			name = Release;
		};
		91F3D9A428D906FD00DD62CB /* Debug */ = {
			isa = XCBuildConfiguration;
			buildSettings = {
				ALWAYS_EMBED_SWIFT_STANDARD_LIBRARIES = YES;
				BUNDLE_LOADER = "$(TEST_HOST)";
				CODE_SIGN_STYLE = Automatic;
				CURRENT_PROJECT_VERSION = 1;
				GENERATE_INFOPLIST_FILE = YES;
				IPHONEOS_DEPLOYMENT_TARGET = 15.5;
				MARKETING_VERSION = 1.0;
				PRODUCT_BUNDLE_IDENTIFIER = "com.robson.carteirada-front-endTests";
				PRODUCT_NAME = "$(TARGET_NAME)";
				SWIFT_EMIT_LOC_STRINGS = NO;
				SWIFT_VERSION = 5.0;
				TARGETED_DEVICE_FAMILY = "1,2";
				TEST_HOST = "$(BUILT_PRODUCTS_DIR)/carteirada-front-end.app/carteirada-front-end";
			};
			name = Debug;
		};
		91F3D9A528D906FD00DD62CB /* Release */ = {
			isa = XCBuildConfiguration;
			buildSettings = {
				ALWAYS_EMBED_SWIFT_STANDARD_LIBRARIES = YES;
				BUNDLE_LOADER = "$(TEST_HOST)";
				CODE_SIGN_STYLE = Automatic;
				CURRENT_PROJECT_VERSION = 1;
				GENERATE_INFOPLIST_FILE = YES;
				IPHONEOS_DEPLOYMENT_TARGET = 15.5;
				MARKETING_VERSION = 1.0;
				PRODUCT_BUNDLE_IDENTIFIER = "com.robson.carteirada-front-endTests";
				PRODUCT_NAME = "$(TARGET_NAME)";
				SWIFT_EMIT_LOC_STRINGS = NO;
				SWIFT_VERSION = 5.0;
				TARGETED_DEVICE_FAMILY = "1,2";
				TEST_HOST = "$(BUILT_PRODUCTS_DIR)/carteirada-front-end.app/carteirada-front-end";
			};
			name = Release;
		};
		91F3D9A728D906FD00DD62CB /* Debug */ = {
			isa = XCBuildConfiguration;
			buildSettings = {
				ALWAYS_EMBED_SWIFT_STANDARD_LIBRARIES = YES;
				CODE_SIGN_STYLE = Automatic;
				CURRENT_PROJECT_VERSION = 1;
				GENERATE_INFOPLIST_FILE = YES;
				MARKETING_VERSION = 1.0;
				PRODUCT_BUNDLE_IDENTIFIER = "com.robson.carteirada-front-endUITests";
				PRODUCT_NAME = "$(TARGET_NAME)";
				SWIFT_EMIT_LOC_STRINGS = NO;
				SWIFT_VERSION = 5.0;
				TARGETED_DEVICE_FAMILY = "1,2";
				TEST_TARGET_NAME = "carteirada-front-end";
			};
			name = Debug;
		};
		91F3D9A828D906FD00DD62CB /* Release */ = {
			isa = XCBuildConfiguration;
			buildSettings = {
				ALWAYS_EMBED_SWIFT_STANDARD_LIBRARIES = YES;
				CODE_SIGN_STYLE = Automatic;
				CURRENT_PROJECT_VERSION = 1;
				GENERATE_INFOPLIST_FILE = YES;
				MARKETING_VERSION = 1.0;
				PRODUCT_BUNDLE_IDENTIFIER = "com.robson.carteirada-front-endUITests";
				PRODUCT_NAME = "$(TARGET_NAME)";
				SWIFT_EMIT_LOC_STRINGS = NO;
				SWIFT_VERSION = 5.0;
				TARGETED_DEVICE_FAMILY = "1,2";
				TEST_TARGET_NAME = "carteirada-front-end";
			};
			name = Release;
		};
/* End XCBuildConfiguration section */

/* Begin XCConfigurationList section */
		91F3D97128D906FC00DD62CB /* Build configuration list for PBXProject "carteirada-front-end" */ = {
			isa = XCConfigurationList;
			buildConfigurations = (
				91F3D99E28D906FD00DD62CB /* Debug */,
				91F3D99F28D906FD00DD62CB /* Release */,
			);
			defaultConfigurationIsVisible = 0;
			defaultConfigurationName = Release;
		};
		91F3D9A028D906FD00DD62CB /* Build configuration list for PBXNativeTarget "carteirada-front-end" */ = {
			isa = XCConfigurationList;
			buildConfigurations = (
				91F3D9A128D906FD00DD62CB /* Debug */,
				91F3D9A228D906FD00DD62CB /* Release */,
			);
			defaultConfigurationIsVisible = 0;
			defaultConfigurationName = Release;
		};
		91F3D9A328D906FD00DD62CB /* Build configuration list for PBXNativeTarget "carteirada-front-endTests" */ = {
			isa = XCConfigurationList;
			buildConfigurations = (
				91F3D9A428D906FD00DD62CB /* Debug */,
				91F3D9A528D906FD00DD62CB /* Release */,
			);
			defaultConfigurationIsVisible = 0;
			defaultConfigurationName = Release;
		};
		91F3D9A628D906FD00DD62CB /* Build configuration list for PBXNativeTarget "carteirada-front-endUITests" */ = {
			isa = XCConfigurationList;
			buildConfigurations = (
				91F3D9A728D906FD00DD62CB /* Debug */,
				91F3D9A828D906FD00DD62CB /* Release */,
			);
			defaultConfigurationIsVisible = 0;
			defaultConfigurationName = Release;
		};
/* End XCConfigurationList section */
	};
	rootObject = 91F3D96E28D906FC00DD62CB /* Project object */;
}
