// !$*UTF8*$!
{
	archiveVersion = 1;
	classes = {
	};
	objectVersion = 55;
	objects = {

/* Begin PBXBuildFile section */
		3B12E8558FF35EADE67628C6 /* Pods_carteirada_front_endTests.framework in Frameworks */ = {isa = PBXBuildFile; fileRef = 36273D98A6D5443ACCEA4331 /* Pods_carteirada_front_endTests.framework */; };
		9100B9BA28D9DF2600ED0BD4 /* ChartTableViewCell.swift in Sources */ = {isa = PBXBuildFile; fileRef = 9100B9B828D9DF2600ED0BD4 /* ChartTableViewCell.swift */; };
		9100B9BB28D9DF2600ED0BD4 /* ChartTableViewCell.xib in Resources */ = {isa = PBXBuildFile; fileRef = 9100B9B928D9DF2600ED0BD4 /* ChartTableViewCell.xib */; };
		9100B9BE28D9E43B00ED0BD4 /* ClassesTableViewCell.swift in Sources */ = {isa = PBXBuildFile; fileRef = 9100B9BC28D9E43B00ED0BD4 /* ClassesTableViewCell.swift */; };
		9100B9BF28D9E43B00ED0BD4 /* ClassesTableViewCell.xib in Resources */ = {isa = PBXBuildFile; fileRef = 9100B9BD28D9E43B00ED0BD4 /* ClassesTableViewCell.xib */; };
		9100B9C328D9E8C100ED0BD4 /* ActivesCollectionViewCell.swift in Sources */ = {isa = PBXBuildFile; fileRef = 9100B9C128D9E8C100ED0BD4 /* ActivesCollectionViewCell.swift */; };
		9100B9C428D9E8C100ED0BD4 /* ActivesCollectionViewCell.xib in Resources */ = {isa = PBXBuildFile; fileRef = 9100B9C228D9E8C100ED0BD4 /* ActivesCollectionViewCell.xib */; };
		916CE4DB28DE6221004DCBF4 /* LoginViewController.swift in Sources */ = {isa = PBXBuildFile; fileRef = 916CE4D928DE6221004DCBF4 /* LoginViewController.swift */; };
		916CE4DC28DE6221004DCBF4 /* LoginViewController.xib in Resources */ = {isa = PBXBuildFile; fileRef = 916CE4DA28DE6221004DCBF4 /* LoginViewController.xib */; };
		9171172428DCB817004FF59E /* Register2ViewController.swift in Sources */ = {isa = PBXBuildFile; fileRef = 9171172228DCB817004FF59E /* Register2ViewController.swift */; };
		9171172528DCB817004FF59E /* Register2ViewController.xib in Resources */ = {isa = PBXBuildFile; fileRef = 9171172328DCB817004FF59E /* Register2ViewController.xib */; };
		917B2A9A28FE08BB00D65DF7 /* DetailViewController.swift in Sources */ = {isa = PBXBuildFile; fileRef = 917B2A9828FE08BB00D65DF7 /* DetailViewController.swift */; };
		917B2A9B28FE08BB00D65DF7 /* DetailViewController.xib in Resources */ = {isa = PBXBuildFile; fileRef = 917B2A9928FE08BB00D65DF7 /* DetailViewController.xib */; };
		919E42B128E7ADFE0016AE76 /* DefaultButton.swift in Sources */ = {isa = PBXBuildFile; fileRef = 919E42B028E7ADFE0016AE76 /* DefaultButton.swift */; };
		919E42B328E7B7D40016AE76 /* DefaultTextField.swift in Sources */ = {isa = PBXBuildFile; fileRef = 919E42B228E7B7D40016AE76 /* DefaultTextField.swift */; };
		919E42B528E7B8B30016AE76 /* ProjectColors.swift in Sources */ = {isa = PBXBuildFile; fileRef = 919E42B428E7B8B30016AE76 /* ProjectColors.swift */; };
		91CF07CF28F62FE10022891A /* GoogleService-Info.plist in Resources */ = {isa = PBXBuildFile; fileRef = 91CF07CE28F62FE10022891A /* GoogleService-Info.plist */; };
		91F3D97A28D906FC00DD62CB /* AppDelegate.swift in Sources */ = {isa = PBXBuildFile; fileRef = 91F3D97928D906FC00DD62CB /* AppDelegate.swift */; };
		91F3D97C28D906FC00DD62CB /* SceneDelegate.swift in Sources */ = {isa = PBXBuildFile; fileRef = 91F3D97B28D906FC00DD62CB /* SceneDelegate.swift */; };
		91F3D98328D906FD00DD62CB /* Assets.xcassets in Resources */ = {isa = PBXBuildFile; fileRef = 91F3D98228D906FD00DD62CB /* Assets.xcassets */; };
		91F3D98628D906FD00DD62CB /* LaunchScreen.storyboard in Resources */ = {isa = PBXBuildFile; fileRef = 91F3D98428D906FD00DD62CB /* LaunchScreen.storyboard */; };
		91F3D99128D906FD00DD62CB /* carteirada_front_endTests.swift in Sources */ = {isa = PBXBuildFile; fileRef = 91F3D99028D906FD00DD62CB /* carteirada_front_endTests.swift */; };
		91F3D99B28D906FD00DD62CB /* carteirada_front_endUITests.swift in Sources */ = {isa = PBXBuildFile; fileRef = 91F3D99A28D906FD00DD62CB /* carteirada_front_endUITests.swift */; };
		91F3D99D28D906FD00DD62CB /* carteirada_front_endUITestsLaunchTests.swift in Sources */ = {isa = PBXBuildFile; fileRef = 91F3D99C28D906FD00DD62CB /* carteirada_front_endUITestsLaunchTests.swift */; };
		91F3D9BC28D9355700DD62CB /* Poppins-Regular.ttf in Resources */ = {isa = PBXBuildFile; fileRef = 91F3D9AA28D9355500DD62CB /* Poppins-Regular.ttf */; };
		91F3D9BD28D9355700DD62CB /* Poppins-Bold.ttf in Resources */ = {isa = PBXBuildFile; fileRef = 91F3D9AB28D9355600DD62CB /* Poppins-Bold.ttf */; };
		91F3D9BE28D9355700DD62CB /* Poppins-LightItalic.ttf in Resources */ = {isa = PBXBuildFile; fileRef = 91F3D9AC28D9355600DD62CB /* Poppins-LightItalic.ttf */; };
		91F3D9BF28D9355700DD62CB /* Poppins-SemiBold.ttf in Resources */ = {isa = PBXBuildFile; fileRef = 91F3D9AD28D9355600DD62CB /* Poppins-SemiBold.ttf */; };
		91F3D9C028D9355700DD62CB /* Poppins-Black.ttf in Resources */ = {isa = PBXBuildFile; fileRef = 91F3D9AE28D9355600DD62CB /* Poppins-Black.ttf */; };
		91F3D9C128D9355700DD62CB /* Poppins-BlackItalic.ttf in Resources */ = {isa = PBXBuildFile; fileRef = 91F3D9AF28D9355600DD62CB /* Poppins-BlackItalic.ttf */; };
		91F3D9C228D9355700DD62CB /* Poppins-SemiBoldItalic.ttf in Resources */ = {isa = PBXBuildFile; fileRef = 91F3D9B028D9355600DD62CB /* Poppins-SemiBoldItalic.ttf */; };
		91F3D9C328D9355700DD62CB /* Poppins-ExtraBoldItalic.ttf in Resources */ = {isa = PBXBuildFile; fileRef = 91F3D9B128D9355600DD62CB /* Poppins-ExtraBoldItalic.ttf */; };
		91F3D9C428D9355700DD62CB /* Poppins-Italic.ttf in Resources */ = {isa = PBXBuildFile; fileRef = 91F3D9B228D9355600DD62CB /* Poppins-Italic.ttf */; };
		91F3D9C528D9355700DD62CB /* Poppins-BoldItalic.ttf in Resources */ = {isa = PBXBuildFile; fileRef = 91F3D9B328D9355600DD62CB /* Poppins-BoldItalic.ttf */; };
		91F3D9C628D9355700DD62CB /* Poppins-Thin.ttf in Resources */ = {isa = PBXBuildFile; fileRef = 91F3D9B428D9355600DD62CB /* Poppins-Thin.ttf */; };
		91F3D9C728D9355700DD62CB /* Poppins-Light.ttf in Resources */ = {isa = PBXBuildFile; fileRef = 91F3D9B528D9355600DD62CB /* Poppins-Light.ttf */; };
		91F3D9C828D9355700DD62CB /* Poppins-ExtraBold.ttf in Resources */ = {isa = PBXBuildFile; fileRef = 91F3D9B628D9355600DD62CB /* Poppins-ExtraBold.ttf */; };
		91F3D9C928D9355700DD62CB /* Poppins-ExtraLightItalic.ttf in Resources */ = {isa = PBXBuildFile; fileRef = 91F3D9B728D9355600DD62CB /* Poppins-ExtraLightItalic.ttf */; };
		91F3D9CA28D9355700DD62CB /* Poppins-MediumItalic.ttf in Resources */ = {isa = PBXBuildFile; fileRef = 91F3D9B828D9355600DD62CB /* Poppins-MediumItalic.ttf */; };
		91F3D9CB28D9355700DD62CB /* Poppins-Medium.ttf in Resources */ = {isa = PBXBuildFile; fileRef = 91F3D9B928D9355600DD62CB /* Poppins-Medium.ttf */; };
		91F3D9CC28D9355700DD62CB /* Poppins-ExtraLight.ttf in Resources */ = {isa = PBXBuildFile; fileRef = 91F3D9BA28D9355600DD62CB /* Poppins-ExtraLight.ttf */; };
		91F3D9CD28D9355700DD62CB /* Poppins-ThinItalic.ttf in Resources */ = {isa = PBXBuildFile; fileRef = 91F3D9BB28D9355700DD62CB /* Poppins-ThinItalic.ttf */; };
		91F3D9DE28D9453300DD62CB /* HomeViewController.storyboard in Resources */ = {isa = PBXBuildFile; fileRef = 91F3D9DD28D9453300DD62CB /* HomeViewController.storyboard */; };
		91F3D9E128D945D200DD62CB /* HomeViewController.swift in Sources */ = {isa = PBXBuildFile; fileRef = 91F3D9DF28D945D200DD62CB /* HomeViewController.swift */; };
		91F3D9E628D9491E00DD62CB /* AddViewController.swift in Sources */ = {isa = PBXBuildFile; fileRef = 91F3D9E528D9491E00DD62CB /* AddViewController.swift */; };
		91F3D9E828D9494100DD62CB /* ProfileViewController.swift in Sources */ = {isa = PBXBuildFile; fileRef = 91F3D9E728D9494100DD62CB /* ProfileViewController.swift */; };
		91F3D9EA28D94AF100DD62CB /* CustomTabBar.swift in Sources */ = {isa = PBXBuildFile; fileRef = 91F3D9E928D94AF100DD62CB /* CustomTabBar.swift */; };
		BA84C546C4F90E44EC936052 /* Pods_carteirada_front_end_carteirada_front_endUITests.framework in Frameworks */ = {isa = PBXBuildFile; fileRef = 5147FFDD4E3F566C061EA1DD /* Pods_carteirada_front_end_carteirada_front_endUITests.framework */; };
		DF71856294B426DBCA81072E /* Pods_carteirada_front_end.framework in Frameworks */ = {isa = PBXBuildFile; fileRef = DC8F7B48CCD48F59A725EE91 /* Pods_carteirada_front_end.framework */; };
/* End PBXBuildFile section */

/* Begin PBXContainerItemProxy section */
		91F3D98D28D906FD00DD62CB /* PBXContainerItemProxy */ = {
			isa = PBXContainerItemProxy;
			containerPortal = 91F3D96E28D906FC00DD62CB /* Project object */;
			proxyType = 1;
			remoteGlobalIDString = 91F3D97528D906FC00DD62CB;
			remoteInfo = "carteirada-front-end";
		};
		91F3D99728D906FD00DD62CB /* PBXContainerItemProxy */ = {
			isa = PBXContainerItemProxy;
			containerPortal = 91F3D96E28D906FC00DD62CB /* Project object */;
			proxyType = 1;
			remoteGlobalIDString = 91F3D97528D906FC00DD62CB;
			remoteInfo = "carteirada-front-end";
		};
/* End PBXContainerItemProxy section */

/* Begin PBXFileReference section */
		13C25C2F7454E39ECF8D3B9E /* Pods-carteirada-front-endTests.debug.xcconfig */ = {isa = PBXFileReference; includeInIndex = 1; lastKnownFileType = text.xcconfig; name = "Pods-carteirada-front-endTests.debug.xcconfig"; path = "Target Support Files/Pods-carteirada-front-endTests/Pods-carteirada-front-endTests.debug.xcconfig"; sourceTree = "<group>"; };
		2288B3E9538244B1BF9B3F06 /* Pods-carteirada-front-end.release.xcconfig */ = {isa = PBXFileReference; includeInIndex = 1; lastKnownFileType = text.xcconfig; name = "Pods-carteirada-front-end.release.xcconfig"; path = "Target Support Files/Pods-carteirada-front-end/Pods-carteirada-front-end.release.xcconfig"; sourceTree = "<group>"; };
		36273D98A6D5443ACCEA4331 /* Pods_carteirada_front_endTests.framework */ = {isa = PBXFileReference; explicitFileType = wrapper.framework; includeInIndex = 0; path = Pods_carteirada_front_endTests.framework; sourceTree = BUILT_PRODUCTS_DIR; };
		5147FFDD4E3F566C061EA1DD /* Pods_carteirada_front_end_carteirada_front_endUITests.framework */ = {isa = PBXFileReference; explicitFileType = wrapper.framework; includeInIndex = 0; path = Pods_carteirada_front_end_carteirada_front_endUITests.framework; sourceTree = BUILT_PRODUCTS_DIR; };
		58831D3BDB704AB22F39CE9C /* Pods-carteirada-front-endTests.release.xcconfig */ = {isa = PBXFileReference; includeInIndex = 1; lastKnownFileType = text.xcconfig; name = "Pods-carteirada-front-endTests.release.xcconfig"; path = "Target Support Files/Pods-carteirada-front-endTests/Pods-carteirada-front-endTests.release.xcconfig"; sourceTree = "<group>"; };
		6AEA59AC01D964E28E970BB6 /* Pods-carteirada-front-end-carteirada-front-endUITests.debug.xcconfig */ = {isa = PBXFileReference; includeInIndex = 1; lastKnownFileType = text.xcconfig; name = "Pods-carteirada-front-end-carteirada-front-endUITests.debug.xcconfig"; path = "Target Support Files/Pods-carteirada-front-end-carteirada-front-endUITests/Pods-carteirada-front-end-carteirada-front-endUITests.debug.xcconfig"; sourceTree = "<group>"; };
		9100B9B828D9DF2600ED0BD4 /* ChartTableViewCell.swift */ = {isa = PBXFileReference; lastKnownFileType = sourcecode.swift; path = ChartTableViewCell.swift; sourceTree = "<group>"; };
		9100B9B928D9DF2600ED0BD4 /* ChartTableViewCell.xib */ = {isa = PBXFileReference; lastKnownFileType = file.xib; path = ChartTableViewCell.xib; sourceTree = "<group>"; };
		9100B9BC28D9E43B00ED0BD4 /* ClassesTableViewCell.swift */ = {isa = PBXFileReference; lastKnownFileType = sourcecode.swift; path = ClassesTableViewCell.swift; sourceTree = "<group>"; };
		9100B9BD28D9E43B00ED0BD4 /* ClassesTableViewCell.xib */ = {isa = PBXFileReference; lastKnownFileType = file.xib; path = ClassesTableViewCell.xib; sourceTree = "<group>"; };
		9100B9C128D9E8C100ED0BD4 /* ActivesCollectionViewCell.swift */ = {isa = PBXFileReference; lastKnownFileType = sourcecode.swift; path = ActivesCollectionViewCell.swift; sourceTree = "<group>"; };
		9100B9C228D9E8C100ED0BD4 /* ActivesCollectionViewCell.xib */ = {isa = PBXFileReference; lastKnownFileType = file.xib; path = ActivesCollectionViewCell.xib; sourceTree = "<group>"; };
		916CE4D928DE6221004DCBF4 /* LoginViewController.swift */ = {isa = PBXFileReference; lastKnownFileType = sourcecode.swift; path = LoginViewController.swift; sourceTree = "<group>"; };
		916CE4DA28DE6221004DCBF4 /* LoginViewController.xib */ = {isa = PBXFileReference; lastKnownFileType = file.xib; path = LoginViewController.xib; sourceTree = "<group>"; };
		9171172228DCB817004FF59E /* Register2ViewController.swift */ = {isa = PBXFileReference; lastKnownFileType = sourcecode.swift; path = Register2ViewController.swift; sourceTree = "<group>"; };
		9171172328DCB817004FF59E /* Register2ViewController.xib */ = {isa = PBXFileReference; lastKnownFileType = file.xib; path = Register2ViewController.xib; sourceTree = "<group>"; };
		917B2A9828FE08BB00D65DF7 /* DetailViewController.swift */ = {isa = PBXFileReference; lastKnownFileType = sourcecode.swift; path = DetailViewController.swift; sourceTree = "<group>"; };
		917B2A9928FE08BB00D65DF7 /* DetailViewController.xib */ = {isa = PBXFileReference; lastKnownFileType = file.xib; path = DetailViewController.xib; sourceTree = "<group>"; };
		919E42B028E7ADFE0016AE76 /* DefaultButton.swift */ = {isa = PBXFileReference; lastKnownFileType = sourcecode.swift; path = DefaultButton.swift; sourceTree = "<group>"; };
		919E42B228E7B7D40016AE76 /* DefaultTextField.swift */ = {isa = PBXFileReference; lastKnownFileType = sourcecode.swift; path = DefaultTextField.swift; sourceTree = "<group>"; };
		919E42B428E7B8B30016AE76 /* ProjectColors.swift */ = {isa = PBXFileReference; lastKnownFileType = sourcecode.swift; path = ProjectColors.swift; sourceTree = "<group>"; };
		91CF07CE28F62FE10022891A /* GoogleService-Info.plist */ = {isa = PBXFileReference; fileEncoding = 4; lastKnownFileType = text.plist.xml; path = "GoogleService-Info.plist"; sourceTree = "<group>"; };
		91F3D97628D906FC00DD62CB /* carteirada-front-end.app */ = {isa = PBXFileReference; explicitFileType = wrapper.application; includeInIndex = 0; path = "carteirada-front-end.app"; sourceTree = BUILT_PRODUCTS_DIR; };
		91F3D97928D906FC00DD62CB /* AppDelegate.swift */ = {isa = PBXFileReference; lastKnownFileType = sourcecode.swift; path = AppDelegate.swift; sourceTree = "<group>"; };
		91F3D97B28D906FC00DD62CB /* SceneDelegate.swift */ = {isa = PBXFileReference; lastKnownFileType = sourcecode.swift; path = SceneDelegate.swift; sourceTree = "<group>"; };
		91F3D98228D906FD00DD62CB /* Assets.xcassets */ = {isa = PBXFileReference; lastKnownFileType = folder.assetcatalog; path = Assets.xcassets; sourceTree = "<group>"; };
		91F3D98528D906FD00DD62CB /* Base */ = {isa = PBXFileReference; lastKnownFileType = file.storyboard; name = Base; path = Base.lproj/LaunchScreen.storyboard; sourceTree = "<group>"; };
		91F3D98728D906FD00DD62CB /* Info.plist */ = {isa = PBXFileReference; lastKnownFileType = text.plist.xml; path = Info.plist; sourceTree = "<group>"; };
		91F3D98C28D906FD00DD62CB /* carteirada-front-endTests.xctest */ = {isa = PBXFileReference; explicitFileType = wrapper.cfbundle; includeInIndex = 0; path = "carteirada-front-endTests.xctest"; sourceTree = BUILT_PRODUCTS_DIR; };
		91F3D99028D906FD00DD62CB /* carteirada_front_endTests.swift */ = {isa = PBXFileReference; lastKnownFileType = sourcecode.swift; path = carteirada_front_endTests.swift; sourceTree = "<group>"; };
		91F3D99628D906FD00DD62CB /* carteirada-front-endUITests.xctest */ = {isa = PBXFileReference; explicitFileType = wrapper.cfbundle; includeInIndex = 0; path = "carteirada-front-endUITests.xctest"; sourceTree = BUILT_PRODUCTS_DIR; };
		91F3D99A28D906FD00DD62CB /* carteirada_front_endUITests.swift */ = {isa = PBXFileReference; lastKnownFileType = sourcecode.swift; path = carteirada_front_endUITests.swift; sourceTree = "<group>"; };
		91F3D99C28D906FD00DD62CB /* carteirada_front_endUITestsLaunchTests.swift */ = {isa = PBXFileReference; lastKnownFileType = sourcecode.swift; path = carteirada_front_endUITestsLaunchTests.swift; sourceTree = "<group>"; };
		91F3D9AA28D9355500DD62CB /* Poppins-Regular.ttf */ = {isa = PBXFileReference; lastKnownFileType = file; path = "Poppins-Regular.ttf"; sourceTree = "<group>"; };
		91F3D9AB28D9355600DD62CB /* Poppins-Bold.ttf */ = {isa = PBXFileReference; lastKnownFileType = file; path = "Poppins-Bold.ttf"; sourceTree = "<group>"; };
		91F3D9AC28D9355600DD62CB /* Poppins-LightItalic.ttf */ = {isa = PBXFileReference; lastKnownFileType = file; path = "Poppins-LightItalic.ttf"; sourceTree = "<group>"; };
		91F3D9AD28D9355600DD62CB /* Poppins-SemiBold.ttf */ = {isa = PBXFileReference; lastKnownFileType = file; path = "Poppins-SemiBold.ttf"; sourceTree = "<group>"; };
		91F3D9AE28D9355600DD62CB /* Poppins-Black.ttf */ = {isa = PBXFileReference; lastKnownFileType = file; path = "Poppins-Black.ttf"; sourceTree = "<group>"; };
		91F3D9AF28D9355600DD62CB /* Poppins-BlackItalic.ttf */ = {isa = PBXFileReference; lastKnownFileType = file; path = "Poppins-BlackItalic.ttf"; sourceTree = "<group>"; };
		91F3D9B028D9355600DD62CB /* Poppins-SemiBoldItalic.ttf */ = {isa = PBXFileReference; lastKnownFileType = file; path = "Poppins-SemiBoldItalic.ttf"; sourceTree = "<group>"; };
		91F3D9B128D9355600DD62CB /* Poppins-ExtraBoldItalic.ttf */ = {isa = PBXFileReference; lastKnownFileType = file; path = "Poppins-ExtraBoldItalic.ttf"; sourceTree = "<group>"; };
		91F3D9B228D9355600DD62CB /* Poppins-Italic.ttf */ = {isa = PBXFileReference; lastKnownFileType = file; path = "Poppins-Italic.ttf"; sourceTree = "<group>"; };
		91F3D9B328D9355600DD62CB /* Poppins-BoldItalic.ttf */ = {isa = PBXFileReference; lastKnownFileType = file; path = "Poppins-BoldItalic.ttf"; sourceTree = "<group>"; };
		91F3D9B428D9355600DD62CB /* Poppins-Thin.ttf */ = {isa = PBXFileReference; lastKnownFileType = file; path = "Poppins-Thin.ttf"; sourceTree = "<group>"; };
		91F3D9B528D9355600DD62CB /* Poppins-Light.ttf */ = {isa = PBXFileReference; lastKnownFileType = file; path = "Poppins-Light.ttf"; sourceTree = "<group>"; };
		91F3D9B628D9355600DD62CB /* Poppins-ExtraBold.ttf */ = {isa = PBXFileReference; lastKnownFileType = file; path = "Poppins-ExtraBold.ttf"; sourceTree = "<group>"; };
		91F3D9B728D9355600DD62CB /* Poppins-ExtraLightItalic.ttf */ = {isa = PBXFileReference; lastKnownFileType = file; path = "Poppins-ExtraLightItalic.ttf"; sourceTree = "<group>"; };
		91F3D9B828D9355600DD62CB /* Poppins-MediumItalic.ttf */ = {isa = PBXFileReference; lastKnownFileType = file; path = "Poppins-MediumItalic.ttf"; sourceTree = "<group>"; };
		91F3D9B928D9355600DD62CB /* Poppins-Medium.ttf */ = {isa = PBXFileReference; lastKnownFileType = file; path = "Poppins-Medium.ttf"; sourceTree = "<group>"; };
		91F3D9BA28D9355600DD62CB /* Poppins-ExtraLight.ttf */ = {isa = PBXFileReference; lastKnownFileType = file; path = "Poppins-ExtraLight.ttf"; sourceTree = "<group>"; };
		91F3D9BB28D9355700DD62CB /* Poppins-ThinItalic.ttf */ = {isa = PBXFileReference; lastKnownFileType = file; path = "Poppins-ThinItalic.ttf"; sourceTree = "<group>"; };
		91F3D9DD28D9453300DD62CB /* HomeViewController.storyboard */ = {isa = PBXFileReference; lastKnownFileType = file.storyboard; path = HomeViewController.storyboard; sourceTree = "<group>"; };
		91F3D9DF28D945D200DD62CB /* HomeViewController.swift */ = {isa = PBXFileReference; lastKnownFileType = sourcecode.swift; path = HomeViewController.swift; sourceTree = "<group>"; };
		91F3D9E528D9491E00DD62CB /* AddViewController.swift */ = {isa = PBXFileReference; lastKnownFileType = sourcecode.swift; path = AddViewController.swift; sourceTree = "<group>"; };
		91F3D9E728D9494100DD62CB /* ProfileViewController.swift */ = {isa = PBXFileReference; lastKnownFileType = sourcecode.swift; path = ProfileViewController.swift; sourceTree = "<group>"; };
		91F3D9E928D94AF100DD62CB /* CustomTabBar.swift */ = {isa = PBXFileReference; lastKnownFileType = sourcecode.swift; path = CustomTabBar.swift; sourceTree = "<group>"; };
		97ED808C2E2369E3E757A6B8 /* Pods-carteirada-front-end-carteirada-front-endUITests.release.xcconfig */ = {isa = PBXFileReference; includeInIndex = 1; lastKnownFileType = text.xcconfig; name = "Pods-carteirada-front-end-carteirada-front-endUITests.release.xcconfig"; path = "Target Support Files/Pods-carteirada-front-end-carteirada-front-endUITests/Pods-carteirada-front-end-carteirada-front-endUITests.release.xcconfig"; sourceTree = "<group>"; };
		D28226A2B0F8AE2EC636BB69 /* Pods-carteirada-front-end.debug.xcconfig */ = {isa = PBXFileReference; includeInIndex = 1; lastKnownFileType = text.xcconfig; name = "Pods-carteirada-front-end.debug.xcconfig"; path = "Target Support Files/Pods-carteirada-front-end/Pods-carteirada-front-end.debug.xcconfig"; sourceTree = "<group>"; };
		DC8F7B48CCD48F59A725EE91 /* Pods_carteirada_front_end.framework */ = {isa = PBXFileReference; explicitFileType = wrapper.framework; includeInIndex = 0; path = Pods_carteirada_front_end.framework; sourceTree = BUILT_PRODUCTS_DIR; };
/* End PBXFileReference section */

/* Begin PBXFrameworksBuildPhase section */
		91F3D97328D906FC00DD62CB /* Frameworks */ = {
			isa = PBXFrameworksBuildPhase;
			buildActionMask = 2147483647;
			files = (
				DF71856294B426DBCA81072E /* Pods_carteirada_front_end.framework in Frameworks */,
			);
			runOnlyForDeploymentPostprocessing = 0;
		};
		91F3D98928D906FD00DD62CB /* Frameworks */ = {
			isa = PBXFrameworksBuildPhase;
			buildActionMask = 2147483647;
			files = (
				3B12E8558FF35EADE67628C6 /* Pods_carteirada_front_endTests.framework in Frameworks */,
			);
			runOnlyForDeploymentPostprocessing = 0;
		};
		91F3D99328D906FD00DD62CB /* Frameworks */ = {
			isa = PBXFrameworksBuildPhase;
			buildActionMask = 2147483647;
			files = (
				BA84C546C4F90E44EC936052 /* Pods_carteirada_front_end_carteirada_front_endUITests.framework in Frameworks */,
			);
			runOnlyForDeploymentPostprocessing = 0;
		};
/* End PBXFrameworksBuildPhase section */

/* Begin PBXGroup section */
		6FA9CECBAE91788AF2000FF9 /* Frameworks */ = {
			isa = PBXGroup;
			children = (
				DC8F7B48CCD48F59A725EE91 /* Pods_carteirada_front_end.framework */,
				5147FFDD4E3F566C061EA1DD /* Pods_carteirada_front_end_carteirada_front_endUITests.framework */,
				36273D98A6D5443ACCEA4331 /* Pods_carteirada_front_endTests.framework */,
			);
			name = Frameworks;
			sourceTree = "<group>";
		};
		9100B9B628D9D8CE00ED0BD4 /* TabBar */ = {
			isa = PBXGroup;
			children = (
				91F3D9E928D94AF100DD62CB /* CustomTabBar.swift */,
			);
			path = TabBar;
			sourceTree = "<group>";
		};
		9100B9B728D9DF0A00ED0BD4 /* Cells */ = {
			isa = PBXGroup;
			children = (
				9100B9C028D9E84A00ED0BD4 /* CollectionCells */,
				9100B9B828D9DF2600ED0BD4 /* ChartTableViewCell.swift */,
				9100B9B928D9DF2600ED0BD4 /* ChartTableViewCell.xib */,
				9100B9BC28D9E43B00ED0BD4 /* ClassesTableViewCell.swift */,
				9100B9BD28D9E43B00ED0BD4 /* ClassesTableViewCell.xib */,
			);
			path = Cells;
			sourceTree = "<group>";
		};
		9100B9C028D9E84A00ED0BD4 /* CollectionCells */ = {
			isa = PBXGroup;
			children = (
				9100B9C128D9E8C100ED0BD4 /* ActivesCollectionViewCell.swift */,
				9100B9C228D9E8C100ED0BD4 /* ActivesCollectionViewCell.xib */,
			);
			path = CollectionCells;
			sourceTree = "<group>";
		};
		916CE4D828DE6212004DCBF4 /* Login */ = {
			isa = PBXGroup;
			children = (
				916CE4D928DE6221004DCBF4 /* LoginViewController.swift */,
				916CE4DA28DE6221004DCBF4 /* LoginViewController.xib */,
			);
			path = Login;
			sourceTree = "<group>";
		};
		917B2A9728FE08A400D65DF7 /* Detail */ = {
			isa = PBXGroup;
			children = (
				917B2A9828FE08BB00D65DF7 /* DetailViewController.swift */,
				917B2A9928FE08BB00D65DF7 /* DetailViewController.xib */,
			);
			path = Detail;
			sourceTree = "<group>";
		};
		91DB34CA28DE2A800064B811 /* Utils */ = {
			isa = PBXGroup;
			children = (
				919E42B028E7ADFE0016AE76 /* DefaultButton.swift */,
				919E42B228E7B7D40016AE76 /* DefaultTextField.swift */,
				919E42B428E7B8B30016AE76 /* ProjectColors.swift */,
			);
			path = Utils;
			sourceTree = "<group>";
		};
		91F3D96D28D906FC00DD62CB = {
			isa = PBXGroup;
			children = (
				91F3D97828D906FC00DD62CB /* carteirada-front-end */,
				91F3D98F28D906FD00DD62CB /* carteirada-front-endTests */,
				91F3D99928D906FD00DD62CB /* carteirada-front-endUITests */,
				91F3D97728D906FC00DD62CB /* Products */,
				CD005CA572026B576FC8998E /* Pods */,
				6FA9CECBAE91788AF2000FF9 /* Frameworks */,
			);
			sourceTree = "<group>";
		};
		91F3D97728D906FC00DD62CB /* Products */ = {
			isa = PBXGroup;
			children = (
				91F3D97628D906FC00DD62CB /* carteirada-front-end.app */,
				91F3D98C28D906FD00DD62CB /* carteirada-front-endTests.xctest */,
				91F3D99628D906FD00DD62CB /* carteirada-front-endUITests.xctest */,
			);
			name = Products;
			sourceTree = "<group>";
		};
		91F3D97828D906FC00DD62CB /* carteirada-front-end */ = {
			isa = PBXGroup;
			children = (
				91DB34CA28DE2A800064B811 /* Utils */,
				91F3D9CE28D9355E00DD62CB /* Assets */,
				916CE4D828DE6212004DCBF4 /* Login */,
				91F3D9DC28D9423A00DD62CB /* Register */,
				91F3D9E428D948EA00DD62CB /* Add */,
				91F3D9A928D90E4000DD62CB /* Home */,
				91F3D9E328D948E100DD62CB /* Profile */,
				91F3D97B28D906FC00DD62CB /* SceneDelegate.swift */,
				91F3D97928D906FC00DD62CB /* AppDelegate.swift */,
				91F3D98428D906FD00DD62CB /* LaunchScreen.storyboard */,
				91CF07CE28F62FE10022891A /* GoogleService-Info.plist */,
				91F3D98728D906FD00DD62CB /* Info.plist */,
			);
			path = "carteirada-front-end";
			sourceTree = "<group>";
		};
		91F3D98F28D906FD00DD62CB /* carteirada-front-endTests */ = {
			isa = PBXGroup;
			children = (
				91F3D99028D906FD00DD62CB /* carteirada_front_endTests.swift */,
			);
			path = "carteirada-front-endTests";
			sourceTree = "<group>";
		};
		91F3D99928D906FD00DD62CB /* carteirada-front-endUITests */ = {
			isa = PBXGroup;
			children = (
				91F3D99A28D906FD00DD62CB /* carteirada_front_endUITests.swift */,
				91F3D99C28D906FD00DD62CB /* carteirada_front_endUITestsLaunchTests.swift */,
			);
			path = "carteirada-front-endUITests";
			sourceTree = "<group>";
		};
		91F3D9A928D90E4000DD62CB /* Home */ = {
			isa = PBXGroup;
			children = (
				917B2A9728FE08A400D65DF7 /* Detail */,
				9100B9B728D9DF0A00ED0BD4 /* Cells */,
				9100B9B628D9D8CE00ED0BD4 /* TabBar */,
				91F3D9DF28D945D200DD62CB /* HomeViewController.swift */,
				91F3D9DD28D9453300DD62CB /* HomeViewController.storyboard */,
			);
			path = Home;
			sourceTree = "<group>";
		};
		91F3D9CE28D9355E00DD62CB /* Assets */ = {
			isa = PBXGroup;
			children = (
				91F3D98228D906FD00DD62CB /* Assets.xcassets */,
				91F3D9CF28D9356300DD62CB /* Fonts */,
			);
			path = Assets;
			sourceTree = "<group>";
		};
		91F3D9CF28D9356300DD62CB /* Fonts */ = {
			isa = PBXGroup;
			children = (
				91F3D9AE28D9355600DD62CB /* Poppins-Black.ttf */,
				91F3D9AF28D9355600DD62CB /* Poppins-BlackItalic.ttf */,
				91F3D9AB28D9355600DD62CB /* Poppins-Bold.ttf */,
				91F3D9B328D9355600DD62CB /* Poppins-BoldItalic.ttf */,
				91F3D9B628D9355600DD62CB /* Poppins-ExtraBold.ttf */,
				91F3D9B128D9355600DD62CB /* Poppins-ExtraBoldItalic.ttf */,
				91F3D9BA28D9355600DD62CB /* Poppins-ExtraLight.ttf */,
				91F3D9B728D9355600DD62CB /* Poppins-ExtraLightItalic.ttf */,
				91F3D9B228D9355600DD62CB /* Poppins-Italic.ttf */,
				91F3D9B528D9355600DD62CB /* Poppins-Light.ttf */,
				91F3D9AC28D9355600DD62CB /* Poppins-LightItalic.ttf */,
				91F3D9B928D9355600DD62CB /* Poppins-Medium.ttf */,
				91F3D9B828D9355600DD62CB /* Poppins-MediumItalic.ttf */,
				91F3D9AA28D9355500DD62CB /* Poppins-Regular.ttf */,
				91F3D9AD28D9355600DD62CB /* Poppins-SemiBold.ttf */,
				91F3D9B028D9355600DD62CB /* Poppins-SemiBoldItalic.ttf */,
				91F3D9B428D9355600DD62CB /* Poppins-Thin.ttf */,
				91F3D9BB28D9355700DD62CB /* Poppins-ThinItalic.ttf */,
			);
			path = Fonts;
			sourceTree = "<group>";
		};
		91F3D9DC28D9423A00DD62CB /* Register */ = {
			isa = PBXGroup;
			children = (
				9171172228DCB817004FF59E /* Register2ViewController.swift */,
				9171172328DCB817004FF59E /* Register2ViewController.xib */,
			);
			path = Register;
			sourceTree = "<group>";
		};
		91F3D9E328D948E100DD62CB /* Profile */ = {
			isa = PBXGroup;
			children = (
				91F3D9E728D9494100DD62CB /* ProfileViewController.swift */,
			);
			path = Profile;
			sourceTree = "<group>";
		};
		91F3D9E428D948EA00DD62CB /* Add */ = {
			isa = PBXGroup;
			children = (
				91F3D9E528D9491E00DD62CB /* AddViewController.swift */,
			);
			path = Add;
			sourceTree = "<group>";
		};
		CD005CA572026B576FC8998E /* Pods */ = {
			isa = PBXGroup;
			children = (
				D28226A2B0F8AE2EC636BB69 /* Pods-carteirada-front-end.debug.xcconfig */,
				2288B3E9538244B1BF9B3F06 /* Pods-carteirada-front-end.release.xcconfig */,
				6AEA59AC01D964E28E970BB6 /* Pods-carteirada-front-end-carteirada-front-endUITests.debug.xcconfig */,
				97ED808C2E2369E3E757A6B8 /* Pods-carteirada-front-end-carteirada-front-endUITests.release.xcconfig */,
				13C25C2F7454E39ECF8D3B9E /* Pods-carteirada-front-endTests.debug.xcconfig */,
				58831D3BDB704AB22F39CE9C /* Pods-carteirada-front-endTests.release.xcconfig */,
			);
			path = Pods;
			sourceTree = "<group>";
		};
/* End PBXGroup section */

/* Begin PBXNativeTarget section */
		91F3D97528D906FC00DD62CB /* carteirada-front-end */ = {
			isa = PBXNativeTarget;
			buildConfigurationList = 91F3D9A028D906FD00DD62CB /* Build configuration list for PBXNativeTarget "carteirada-front-end" */;
			buildPhases = (
				52909508802F75212A1A93C4 /* [CP] Check Pods Manifest.lock */,
				91F3D97228D906FC00DD62CB /* Sources */,
				91F3D97328D906FC00DD62CB /* Frameworks */,
				91F3D97428D906FC00DD62CB /* Resources */,
				BC8930EDCE664BF934F7755D /* [CP] Embed Pods Frameworks */,
			);
			buildRules = (
			);
			dependencies = (
			);
			name = "carteirada-front-end";
			productName = "carteirada-front-end";
			productReference = 91F3D97628D906FC00DD62CB /* carteirada-front-end.app */;
			productType = "com.apple.product-type.application";
		};
		91F3D98B28D906FD00DD62CB /* carteirada-front-endTests */ = {
			isa = PBXNativeTarget;
			buildConfigurationList = 91F3D9A328D906FD00DD62CB /* Build configuration list for PBXNativeTarget "carteirada-front-endTests" */;
			buildPhases = (
				A58A61A938E6EA6BDC63016A /* [CP] Check Pods Manifest.lock */,
				91F3D98828D906FD00DD62CB /* Sources */,
				91F3D98928D906FD00DD62CB /* Frameworks */,
				91F3D98A28D906FD00DD62CB /* Resources */,
			);
			buildRules = (
			);
			dependencies = (
				91F3D98E28D906FD00DD62CB /* PBXTargetDependency */,
			);
			name = "carteirada-front-endTests";
			productName = "carteirada-front-endTests";
			productReference = 91F3D98C28D906FD00DD62CB /* carteirada-front-endTests.xctest */;
			productType = "com.apple.product-type.bundle.unit-test";
		};
		91F3D99528D906FD00DD62CB /* carteirada-front-endUITests */ = {
			isa = PBXNativeTarget;
			buildConfigurationList = 91F3D9A628D906FD00DD62CB /* Build configuration list for PBXNativeTarget "carteirada-front-endUITests" */;
			buildPhases = (
				DFF457A5AC1B56BCBBD18E64 /* [CP] Check Pods Manifest.lock */,
				91F3D99228D906FD00DD62CB /* Sources */,
				91F3D99328D906FD00DD62CB /* Frameworks */,
				91F3D99428D906FD00DD62CB /* Resources */,
				75E593669765FF44C68E4257 /* [CP] Embed Pods Frameworks */,
			);
			buildRules = (
			);
			dependencies = (
				91F3D99828D906FD00DD62CB /* PBXTargetDependency */,
			);
			name = "carteirada-front-endUITests";
			productName = "carteirada-front-endUITests";
			productReference = 91F3D99628D906FD00DD62CB /* carteirada-front-endUITests.xctest */;
			productType = "com.apple.product-type.bundle.ui-testing";
		};
/* End PBXNativeTarget section */

/* Begin PBXProject section */
		91F3D96E28D906FC00DD62CB /* Project object */ = {
			isa = PBXProject;
			attributes = {
				BuildIndependentTargetsInParallel = 1;
				LastSwiftUpdateCheck = 1340;
				LastUpgradeCheck = 1340;
				TargetAttributes = {
					91F3D97528D906FC00DD62CB = {
						CreatedOnToolsVersion = 13.4.1;
					};
					91F3D98B28D906FD00DD62CB = {
						CreatedOnToolsVersion = 13.4.1;
						TestTargetID = 91F3D97528D906FC00DD62CB;
					};
					91F3D99528D906FD00DD62CB = {
						CreatedOnToolsVersion = 13.4.1;
						TestTargetID = 91F3D97528D906FC00DD62CB;
					};
				};
			};
			buildConfigurationList = 91F3D97128D906FC00DD62CB /* Build configuration list for PBXProject "carteirada-front-end" */;
			compatibilityVersion = "Xcode 13.0";
			developmentRegion = en;
			hasScannedForEncodings = 0;
			knownRegions = (
				en,
				Base,
			);
			mainGroup = 91F3D96D28D906FC00DD62CB;
			productRefGroup = 91F3D97728D906FC00DD62CB /* Products */;
			projectDirPath = "";
			projectRoot = "";
			targets = (
				91F3D97528D906FC00DD62CB /* carteirada-front-end */,
				91F3D98B28D906FD00DD62CB /* carteirada-front-endTests */,
				91F3D99528D906FD00DD62CB /* carteirada-front-endUITests */,
			);
		};
/* End PBXProject section */

/* Begin PBXResourcesBuildPhase section */
		91F3D97428D906FC00DD62CB /* Resources */ = {
			isa = PBXResourcesBuildPhase;
			buildActionMask = 2147483647;
			files = (
				91F3D9CC28D9355700DD62CB /* Poppins-ExtraLight.ttf in Resources */,
				91F3D9DE28D9453300DD62CB /* HomeViewController.storyboard in Resources */,
				91F3D9C028D9355700DD62CB /* Poppins-Black.ttf in Resources */,
				91F3D9C728D9355700DD62CB /* Poppins-Light.ttf in Resources */,
				9171172528DCB817004FF59E /* Register2ViewController.xib in Resources */,
				91F3D9C628D9355700DD62CB /* Poppins-Thin.ttf in Resources */,
				91F3D98628D906FD00DD62CB /* LaunchScreen.storyboard in Resources */,
				91F3D9C928D9355700DD62CB /* Poppins-ExtraLightItalic.ttf in Resources */,
				91F3D9C528D9355700DD62CB /* Poppins-BoldItalic.ttf in Resources */,
				9100B9BB28D9DF2600ED0BD4 /* ChartTableViewCell.xib in Resources */,
				9100B9C428D9E8C100ED0BD4 /* ActivesCollectionViewCell.xib in Resources */,
				91CF07CF28F62FE10022891A /* GoogleService-Info.plist in Resources */,
				91F3D9BF28D9355700DD62CB /* Poppins-SemiBold.ttf in Resources */,
				91F3D9CA28D9355700DD62CB /* Poppins-MediumItalic.ttf in Resources */,
				91F3D9BE28D9355700DD62CB /* Poppins-LightItalic.ttf in Resources */,
				91F3D98328D906FD00DD62CB /* Assets.xcassets in Resources */,
				91F3D9C228D9355700DD62CB /* Poppins-SemiBoldItalic.ttf in Resources */,
				91F3D9CD28D9355700DD62CB /* Poppins-ThinItalic.ttf in Resources */,
				91F3D9C428D9355700DD62CB /* Poppins-Italic.ttf in Resources */,
				91F3D9C328D9355700DD62CB /* Poppins-ExtraBoldItalic.ttf in Resources */,
				9100B9BF28D9E43B00ED0BD4 /* ClassesTableViewCell.xib in Resources */,
				91F3D9BD28D9355700DD62CB /* Poppins-Bold.ttf in Resources */,
				91F3D9CB28D9355700DD62CB /* Poppins-Medium.ttf in Resources */,
				917B2A9B28FE08BB00D65DF7 /* DetailViewController.xib in Resources */,
				916CE4DC28DE6221004DCBF4 /* LoginViewController.xib in Resources */,
				91F3D9C828D9355700DD62CB /* Poppins-ExtraBold.ttf in Resources */,
				91F3D9C128D9355700DD62CB /* Poppins-BlackItalic.ttf in Resources */,
				91F3D9BC28D9355700DD62CB /* Poppins-Regular.ttf in Resources */,
			);
			runOnlyForDeploymentPostprocessing = 0;
		};
		91F3D98A28D906FD00DD62CB /* Resources */ = {
			isa = PBXResourcesBuildPhase;
			buildActionMask = 2147483647;
			files = (
			);
			runOnlyForDeploymentPostprocessing = 0;
		};
		91F3D99428D906FD00DD62CB /* Resources */ = {
			isa = PBXResourcesBuildPhase;
			buildActionMask = 2147483647;
			files = (
			);
			runOnlyForDeploymentPostprocessing = 0;
		};
/* End PBXResourcesBuildPhase section */

/* Begin PBXShellScriptBuildPhase section */
		52909508802F75212A1A93C4 /* [CP] Check Pods Manifest.lock */ = {
			isa = PBXShellScriptBuildPhase;
			buildActionMask = 2147483647;
			files = (
			);
			inputFileListPaths = (
			);
			inputPaths = (
				"${PODS_PODFILE_DIR_PATH}/Podfile.lock",
				"${PODS_ROOT}/Manifest.lock",
			);
			name = "[CP] Check Pods Manifest.lock";
			outputFileListPaths = (
			);
			outputPaths = (
				"$(DERIVED_FILE_DIR)/Pods-carteirada-front-end-checkManifestLockResult.txt",
			);
			runOnlyForDeploymentPostprocessing = 0;
			shellPath = /bin/sh;
			shellScript = "diff \"${PODS_PODFILE_DIR_PATH}/Podfile.lock\" \"${PODS_ROOT}/Manifest.lock\" > /dev/null\nif [ $? != 0 ] ; then\n    # print error to STDERR\n    echo \"error: The sandbox is not in sync with the Podfile.lock. Run 'pod install' or update your CocoaPods installation.\" >&2\n    exit 1\nfi\n# This output is used by Xcode 'outputs' to avoid re-running this script phase.\necho \"SUCCESS\" > \"${SCRIPT_OUTPUT_FILE_0}\"\n";
			showEnvVarsInLog = 0;
		};
		75E593669765FF44C68E4257 /* [CP] Embed Pods Frameworks */ = {
			isa = PBXShellScriptBuildPhase;
			buildActionMask = 2147483647;
			files = (
			);
			inputFileListPaths = (
				"${PODS_ROOT}/Target Support Files/Pods-carteirada-front-end-carteirada-front-endUITests/Pods-carteirada-front-end-carteirada-front-endUITests-frameworks-${CONFIGURATION}-input-files.xcfilelist",
			);
			name = "[CP] Embed Pods Frameworks";
			outputFileListPaths = (
				"${PODS_ROOT}/Target Support Files/Pods-carteirada-front-end-carteirada-front-endUITests/Pods-carteirada-front-end-carteirada-front-endUITests-frameworks-${CONFIGURATION}-output-files.xcfilelist",
			);
			runOnlyForDeploymentPostprocessing = 0;
			shellPath = /bin/sh;
			shellScript = "\"${PODS_ROOT}/Target Support Files/Pods-carteirada-front-end-carteirada-front-endUITests/Pods-carteirada-front-end-carteirada-front-endUITests-frameworks.sh\"\n";
			showEnvVarsInLog = 0;
		};
		A58A61A938E6EA6BDC63016A /* [CP] Check Pods Manifest.lock */ = {
			isa = PBXShellScriptBuildPhase;
			buildActionMask = 2147483647;
			files = (
			);
			inputFileListPaths = (
			);
			inputPaths = (
				"${PODS_PODFILE_DIR_PATH}/Podfile.lock",
				"${PODS_ROOT}/Manifest.lock",
			);
			name = "[CP] Check Pods Manifest.lock";
			outputFileListPaths = (
			);
			outputPaths = (
				"$(DERIVED_FILE_DIR)/Pods-carteirada-front-endTests-checkManifestLockResult.txt",
			);
			runOnlyForDeploymentPostprocessing = 0;
			shellPath = /bin/sh;
			shellScript = "diff \"${PODS_PODFILE_DIR_PATH}/Podfile.lock\" \"${PODS_ROOT}/Manifest.lock\" > /dev/null\nif [ $? != 0 ] ; then\n    # print error to STDERR\n    echo \"error: The sandbox is not in sync with the Podfile.lock. Run 'pod install' or update your CocoaPods installation.\" >&2\n    exit 1\nfi\n# This output is used by Xcode 'outputs' to avoid re-running this script phase.\necho \"SUCCESS\" > \"${SCRIPT_OUTPUT_FILE_0}\"\n";
			showEnvVarsInLog = 0;
		};
		BC8930EDCE664BF934F7755D /* [CP] Embed Pods Frameworks */ = {
			isa = PBXShellScriptBuildPhase;
			buildActionMask = 2147483647;
			files = (
			);
			inputFileListPaths = (
				"${PODS_ROOT}/Target Support Files/Pods-carteirada-front-end/Pods-carteirada-front-end-frameworks-${CONFIGURATION}-input-files.xcfilelist",
			);
			name = "[CP] Embed Pods Frameworks";
			outputFileListPaths = (
				"${PODS_ROOT}/Target Support Files/Pods-carteirada-front-end/Pods-carteirada-front-end-frameworks-${CONFIGURATION}-output-files.xcfilelist",
			);
			runOnlyForDeploymentPostprocessing = 0;
			shellPath = /bin/sh;
			shellScript = "\"${PODS_ROOT}/Target Support Files/Pods-carteirada-front-end/Pods-carteirada-front-end-frameworks.sh\"\n";
			showEnvVarsInLog = 0;
		};
		DFF457A5AC1B56BCBBD18E64 /* [CP] Check Pods Manifest.lock */ = {
			isa = PBXShellScriptBuildPhase;
			buildActionMask = 2147483647;
			files = (
			);
			inputFileListPaths = (
			);
			inputPaths = (
				"${PODS_PODFILE_DIR_PATH}/Podfile.lock",
				"${PODS_ROOT}/Manifest.lock",
			);
			name = "[CP] Check Pods Manifest.lock";
			outputFileListPaths = (
			);
			outputPaths = (
				"$(DERIVED_FILE_DIR)/Pods-carteirada-front-end-carteirada-front-endUITests-checkManifestLockResult.txt",
			);
			runOnlyForDeploymentPostprocessing = 0;
			shellPath = /bin/sh;
			shellScript = "diff \"${PODS_PODFILE_DIR_PATH}/Podfile.lock\" \"${PODS_ROOT}/Manifest.lock\" > /dev/null\nif [ $? != 0 ] ; then\n    # print error to STDERR\n    echo \"error: The sandbox is not in sync with the Podfile.lock. Run 'pod install' or update your CocoaPods installation.\" >&2\n    exit 1\nfi\n# This output is used by Xcode 'outputs' to avoid re-running this script phase.\necho \"SUCCESS\" > \"${SCRIPT_OUTPUT_FILE_0}\"\n";
			showEnvVarsInLog = 0;
		};
/* End PBXShellScriptBuildPhase section */

/* Begin PBXSourcesBuildPhase section */
		91F3D97228D906FC00DD62CB /* Sources */ = {
			isa = PBXSourcesBuildPhase;
			buildActionMask = 2147483647;
			files = (
				9100B9BA28D9DF2600ED0BD4 /* ChartTableViewCell.swift in Sources */,
				91F3D9E828D9494100DD62CB /* ProfileViewController.swift in Sources */,
				9100B9BE28D9E43B00ED0BD4 /* ClassesTableViewCell.swift in Sources */,
				91F3D9E628D9491E00DD62CB /* AddViewController.swift in Sources */,
				91F3D9EA28D94AF100DD62CB /* CustomTabBar.swift in Sources */,
				91F3D97A28D906FC00DD62CB /* AppDelegate.swift in Sources */,
				9100B9C328D9E8C100ED0BD4 /* ActivesCollectionViewCell.swift in Sources */,
				919E42B528E7B8B30016AE76 /* ProjectColors.swift in Sources */,
				91F3D97C28D906FC00DD62CB /* SceneDelegate.swift in Sources */,
				9171172428DCB817004FF59E /* Register2ViewController.swift in Sources */,
				919E42B328E7B7D40016AE76 /* DefaultTextField.swift in Sources */,
				916CE4DB28DE6221004DCBF4 /* LoginViewController.swift in Sources */,
				917B2A9A28FE08BB00D65DF7 /* DetailViewController.swift in Sources */,
				919E42B128E7ADFE0016AE76 /* DefaultButton.swift in Sources */,
				91F3D9E128D945D200DD62CB /* HomeViewController.swift in Sources */,
			);
			runOnlyForDeploymentPostprocessing = 0;
		};
		91F3D98828D906FD00DD62CB /* Sources */ = {
			isa = PBXSourcesBuildPhase;
			buildActionMask = 2147483647;
			files = (
				91F3D99128D906FD00DD62CB /* carteirada_front_endTests.swift in Sources */,
			);
			runOnlyForDeploymentPostprocessing = 0;
		};
		91F3D99228D906FD00DD62CB /* Sources */ = {
			isa = PBXSourcesBuildPhase;
			buildActionMask = 2147483647;
			files = (
				91F3D99D28D906FD00DD62CB /* carteirada_front_endUITestsLaunchTests.swift in Sources */,
				91F3D99B28D906FD00DD62CB /* carteirada_front_endUITests.swift in Sources */,
			);
			runOnlyForDeploymentPostprocessing = 0;
		};
/* End PBXSourcesBuildPhase section */

/* Begin PBXTargetDependency section */
		91F3D98E28D906FD00DD62CB /* PBXTargetDependency */ = {
			isa = PBXTargetDependency;
			target = 91F3D97528D906FC00DD62CB /* carteirada-front-end */;
			targetProxy = 91F3D98D28D906FD00DD62CB /* PBXContainerItemProxy */;
		};
		91F3D99828D906FD00DD62CB /* PBXTargetDependency */ = {
			isa = PBXTargetDependency;
			target = 91F3D97528D906FC00DD62CB /* carteirada-front-end */;
			targetProxy = 91F3D99728D906FD00DD62CB /* PBXContainerItemProxy */;
		};
/* End PBXTargetDependency section */

/* Begin PBXVariantGroup section */
		91F3D98428D906FD00DD62CB /* LaunchScreen.storyboard */ = {
			isa = PBXVariantGroup;
			children = (
				91F3D98528D906FD00DD62CB /* Base */,
			);
			name = LaunchScreen.storyboard;
			sourceTree = "<group>";
		};
/* End PBXVariantGroup section */

/* Begin XCBuildConfiguration section */
		91F3D99E28D906FD00DD62CB /* Debug */ = {
			isa = XCBuildConfiguration;
			buildSettings = {
				ALWAYS_SEARCH_USER_PATHS = NO;
				CLANG_ANALYZER_NONNULL = YES;
				CLANG_ANALYZER_NUMBER_OBJECT_CONVERSION = YES_AGGRESSIVE;
				CLANG_CXX_LANGUAGE_STANDARD = "gnu++17";
				CLANG_ENABLE_MODULES = YES;
				CLANG_ENABLE_OBJC_ARC = YES;
				CLANG_ENABLE_OBJC_WEAK = YES;
				CLANG_WARN_BLOCK_CAPTURE_AUTORELEASING = YES;
				CLANG_WARN_BOOL_CONVERSION = YES;
				CLANG_WARN_COMMA = YES;
				CLANG_WARN_CONSTANT_CONVERSION = YES;
				CLANG_WARN_DEPRECATED_OBJC_IMPLEMENTATIONS = YES;
				CLANG_WARN_DIRECT_OBJC_ISA_USAGE = YES_ERROR;
				CLANG_WARN_DOCUMENTATION_COMMENTS = YES;
				CLANG_WARN_EMPTY_BODY = YES;
				CLANG_WARN_ENUM_CONVERSION = YES;
				CLANG_WARN_INFINITE_RECURSION = YES;
				CLANG_WARN_INT_CONVERSION = YES;
				CLANG_WARN_NON_LITERAL_NULL_CONVERSION = YES;
				CLANG_WARN_OBJC_IMPLICIT_RETAIN_SELF = YES;
				CLANG_WARN_OBJC_LITERAL_CONVERSION = YES;
				CLANG_WARN_OBJC_ROOT_CLASS = YES_ERROR;
				CLANG_WARN_QUOTED_INCLUDE_IN_FRAMEWORK_HEADER = YES;
				CLANG_WARN_RANGE_LOOP_ANALYSIS = YES;
				CLANG_WARN_STRICT_PROTOTYPES = YES;
				CLANG_WARN_SUSPICIOUS_MOVE = YES;
				CLANG_WARN_UNGUARDED_AVAILABILITY = YES_AGGRESSIVE;
				CLANG_WARN_UNREACHABLE_CODE = YES;
				CLANG_WARN__DUPLICATE_METHOD_MATCH = YES;
				COPY_PHASE_STRIP = NO;
				DEBUG_INFORMATION_FORMAT = dwarf;
				ENABLE_STRICT_OBJC_MSGSEND = YES;
				ENABLE_TESTABILITY = YES;
				GCC_C_LANGUAGE_STANDARD = gnu11;
				GCC_DYNAMIC_NO_PIC = NO;
				GCC_NO_COMMON_BLOCKS = YES;
				GCC_OPTIMIZATION_LEVEL = 0;
				GCC_PREPROCESSOR_DEFINITIONS = (
					"DEBUG=1",
					"$(inherited)",
				);
				GCC_WARN_64_TO_32_BIT_CONVERSION = YES;
				GCC_WARN_ABOUT_RETURN_TYPE = YES_ERROR;
				GCC_WARN_UNDECLARED_SELECTOR = YES;
				GCC_WARN_UNINITIALIZED_AUTOS = YES_AGGRESSIVE;
				GCC_WARN_UNUSED_FUNCTION = YES;
				GCC_WARN_UNUSED_VARIABLE = YES;
				IPHONEOS_DEPLOYMENT_TARGET = 15.5;
				MTL_ENABLE_DEBUG_INFO = INCLUDE_SOURCE;
				MTL_FAST_MATH = YES;
				ONLY_ACTIVE_ARCH = YES;
				SDKROOT = iphoneos;
				SWIFT_ACTIVE_COMPILATION_CONDITIONS = DEBUG;
				SWIFT_OPTIMIZATION_LEVEL = "-Onone";
			};
			name = Debug;
		};
		91F3D99F28D906FD00DD62CB /* Release */ = {
			isa = XCBuildConfiguration;
			buildSettings = {
				ALWAYS_SEARCH_USER_PATHS = NO;
				CLANG_ANALYZER_NONNULL = YES;
				CLANG_ANALYZER_NUMBER_OBJECT_CONVERSION = YES_AGGRESSIVE;
				CLANG_CXX_LANGUAGE_STANDARD = "gnu++17";
				CLANG_ENABLE_MODULES = YES;
				CLANG_ENABLE_OBJC_ARC = YES;
				CLANG_ENABLE_OBJC_WEAK = YES;
				CLANG_WARN_BLOCK_CAPTURE_AUTORELEASING = YES;
				CLANG_WARN_BOOL_CONVERSION = YES;
				CLANG_WARN_COMMA = YES;
				CLANG_WARN_CONSTANT_CONVERSION = YES;
				CLANG_WARN_DEPRECATED_OBJC_IMPLEMENTATIONS = YES;
				CLANG_WARN_DIRECT_OBJC_ISA_USAGE = YES_ERROR;
				CLANG_WARN_DOCUMENTATION_COMMENTS = YES;
				CLANG_WARN_EMPTY_BODY = YES;
				CLANG_WARN_ENUM_CONVERSION = YES;
				CLANG_WARN_INFINITE_RECURSION = YES;
				CLANG_WARN_INT_CONVERSION = YES;
				CLANG_WARN_NON_LITERAL_NULL_CONVERSION = YES;
				CLANG_WARN_OBJC_IMPLICIT_RETAIN_SELF = YES;
				CLANG_WARN_OBJC_LITERAL_CONVERSION = YES;
				CLANG_WARN_OBJC_ROOT_CLASS = YES_ERROR;
				CLANG_WARN_QUOTED_INCLUDE_IN_FRAMEWORK_HEADER = YES;
				CLANG_WARN_RANGE_LOOP_ANALYSIS = YES;
				CLANG_WARN_STRICT_PROTOTYPES = YES;
				CLANG_WARN_SUSPICIOUS_MOVE = YES;
				CLANG_WARN_UNGUARDED_AVAILABILITY = YES_AGGRESSIVE;
				CLANG_WARN_UNREACHABLE_CODE = YES;
				CLANG_WARN__DUPLICATE_METHOD_MATCH = YES;
				COPY_PHASE_STRIP = NO;
				DEBUG_INFORMATION_FORMAT = "dwarf-with-dsym";
				ENABLE_NS_ASSERTIONS = NO;
				ENABLE_STRICT_OBJC_MSGSEND = YES;
				GCC_C_LANGUAGE_STANDARD = gnu11;
				GCC_NO_COMMON_BLOCKS = YES;
				GCC_WARN_64_TO_32_BIT_CONVERSION = YES;
				GCC_WARN_ABOUT_RETURN_TYPE = YES_ERROR;
				GCC_WARN_UNDECLARED_SELECTOR = YES;
				GCC_WARN_UNINITIALIZED_AUTOS = YES_AGGRESSIVE;
				GCC_WARN_UNUSED_FUNCTION = YES;
				GCC_WARN_UNUSED_VARIABLE = YES;
				IPHONEOS_DEPLOYMENT_TARGET = 15.5;
				MTL_ENABLE_DEBUG_INFO = NO;
				MTL_FAST_MATH = YES;
				SDKROOT = iphoneos;
				SWIFT_COMPILATION_MODE = wholemodule;
				SWIFT_OPTIMIZATION_LEVEL = "-O";
				VALIDATE_PRODUCT = YES;
			};
			name = Release;
		};
		91F3D9A128D906FD00DD62CB /* Debug */ = {
			isa = XCBuildConfiguration;
			baseConfigurationReference = D28226A2B0F8AE2EC636BB69 /* Pods-carteirada-front-end.debug.xcconfig */;
			buildSettings = {
				ASSETCATALOG_COMPILER_APPICON_NAME = AppIcon;
				ASSETCATALOG_COMPILER_GLOBAL_ACCENT_COLOR_NAME = AccentColor;
				CODE_SIGN_STYLE = Automatic;
				CURRENT_PROJECT_VERSION = 1;
				DEVELOPMENT_TEAM = 2V6LX2TZ34;
				GENERATE_INFOPLIST_FILE = YES;
				INFOPLIST_FILE = "carteirada-front-end/Info.plist";
				INFOPLIST_KEY_UIApplicationSupportsIndirectInputEvents = YES;
				INFOPLIST_KEY_UILaunchStoryboardName = LaunchScreen;
				INFOPLIST_KEY_UIMainStoryboardFile = HomeViewController;
				INFOPLIST_KEY_UISupportedInterfaceOrientations_iPad = "UIInterfaceOrientationPortrait UIInterfaceOrientationPortraitUpsideDown UIInterfaceOrientationLandscapeLeft UIInterfaceOrientationLandscapeRight";
				INFOPLIST_KEY_UISupportedInterfaceOrientations_iPhone = "UIInterfaceOrientationPortrait UIInterfaceOrientationLandscapeLeft UIInterfaceOrientationLandscapeRight";
				LD_RUNPATH_SEARCH_PATHS = (
					"$(inherited)",
					"@executable_path/Frameworks",
				);
				MARKETING_VERSION = 1.0;
				PRODUCT_BUNDLE_IDENTIFIER = "com.robson.carteirada-front-end";
				PRODUCT_NAME = "$(TARGET_NAME)";
				SWIFT_EMIT_LOC_STRINGS = YES;
				SWIFT_VERSION = 5.0;
				TARGETED_DEVICE_FAMILY = "1,2";
			};
			name = Debug;
		};
		91F3D9A228D906FD00DD62CB /* Release */ = {
			isa = XCBuildConfiguration;
			baseConfigurationReference = 2288B3E9538244B1BF9B3F06 /* Pods-carteirada-front-end.release.xcconfig */;
			buildSettings = {
				ASSETCATALOG_COMPILER_APPICON_NAME = AppIcon;
				ASSETCATALOG_COMPILER_GLOBAL_ACCENT_COLOR_NAME = AccentColor;
				CODE_SIGN_STYLE = Automatic;
				CURRENT_PROJECT_VERSION = 1;
				DEVELOPMENT_TEAM = 2V6LX2TZ34;
				GENERATE_INFOPLIST_FILE = YES;
				INFOPLIST_FILE = "carteirada-front-end/Info.plist";
				INFOPLIST_KEY_UIApplicationSupportsIndirectInputEvents = YES;
				INFOPLIST_KEY_UILaunchStoryboardName = LaunchScreen;
				INFOPLIST_KEY_UIMainStoryboardFile = HomeViewController;
				INFOPLIST_KEY_UISupportedInterfaceOrientations_iPad = "UIInterfaceOrientationPortrait UIInterfaceOrientationPortraitUpsideDown UIInterfaceOrientationLandscapeLeft UIInterfaceOrientationLandscapeRight";
				INFOPLIST_KEY_UISupportedInterfaceOrientations_iPhone = "UIInterfaceOrientationPortrait UIInterfaceOrientationLandscapeLeft UIInterfaceOrientationLandscapeRight";
				LD_RUNPATH_SEARCH_PATHS = (
					"$(inherited)",
					"@executable_path/Frameworks",
				);
				MARKETING_VERSION = 1.0;
				PRODUCT_BUNDLE_IDENTIFIER = "com.robson.carteirada-front-end";
				PRODUCT_NAME = "$(TARGET_NAME)";
				SWIFT_EMIT_LOC_STRINGS = YES;
				SWIFT_VERSION = 5.0;
				TARGETED_DEVICE_FAMILY = "1,2";
			};
			name = Release;
		};
		91F3D9A428D906FD00DD62CB /* Debug */ = {
			isa = XCBuildConfiguration;
			baseConfigurationReference = 13C25C2F7454E39ECF8D3B9E /* Pods-carteirada-front-endTests.debug.xcconfig */;
			buildSettings = {
				ALWAYS_EMBED_SWIFT_STANDARD_LIBRARIES = YES;
				BUNDLE_LOADER = "$(TEST_HOST)";
				CODE_SIGN_STYLE = Automatic;
				CURRENT_PROJECT_VERSION = 1;
				GENERATE_INFOPLIST_FILE = YES;
				IPHONEOS_DEPLOYMENT_TARGET = 15.5;
				MARKETING_VERSION = 1.0;
				PRODUCT_BUNDLE_IDENTIFIER = "com.robson.carteirada-front-endTests";
				PRODUCT_NAME = "$(TARGET_NAME)";
				SWIFT_EMIT_LOC_STRINGS = NO;
				SWIFT_VERSION = 5.0;
				TARGETED_DEVICE_FAMILY = "1,2";
				TEST_HOST = "$(BUILT_PRODUCTS_DIR)/carteirada-front-end.app/carteirada-front-end";
			};
			name = Debug;
		};
		91F3D9A528D906FD00DD62CB /* Release */ = {
			isa = XCBuildConfiguration;
			baseConfigurationReference = 58831D3BDB704AB22F39CE9C /* Pods-carteirada-front-endTests.release.xcconfig */;
			buildSettings = {
				ALWAYS_EMBED_SWIFT_STANDARD_LIBRARIES = YES;
				BUNDLE_LOADER = "$(TEST_HOST)";
				CODE_SIGN_STYLE = Automatic;
				CURRENT_PROJECT_VERSION = 1;
				GENERATE_INFOPLIST_FILE = YES;
				IPHONEOS_DEPLOYMENT_TARGET = 15.5;
				MARKETING_VERSION = 1.0;
				PRODUCT_BUNDLE_IDENTIFIER = "com.robson.carteirada-front-endTests";
				PRODUCT_NAME = "$(TARGET_NAME)";
				SWIFT_EMIT_LOC_STRINGS = NO;
				SWIFT_VERSION = 5.0;
				TARGETED_DEVICE_FAMILY = "1,2";
				TEST_HOST = "$(BUILT_PRODUCTS_DIR)/carteirada-front-end.app/carteirada-front-end";
			};
			name = Release;
		};
		91F3D9A728D906FD00DD62CB /* Debug */ = {
			isa = XCBuildConfiguration;
			baseConfigurationReference = 6AEA59AC01D964E28E970BB6 /* Pods-carteirada-front-end-carteirada-front-endUITests.debug.xcconfig */;
			buildSettings = {
				ALWAYS_EMBED_SWIFT_STANDARD_LIBRARIES = YES;
				CODE_SIGN_STYLE = Automatic;
				CURRENT_PROJECT_VERSION = 1;
				GENERATE_INFOPLIST_FILE = YES;
				MARKETING_VERSION = 1.0;
				PRODUCT_BUNDLE_IDENTIFIER = "com.robson.carteirada-front-endUITests";
				PRODUCT_NAME = "$(TARGET_NAME)";
				SWIFT_EMIT_LOC_STRINGS = NO;
				SWIFT_VERSION = 5.0;
				TARGETED_DEVICE_FAMILY = "1,2";
				TEST_TARGET_NAME = "carteirada-front-end";
			};
			name = Debug;
		};
		91F3D9A828D906FD00DD62CB /* Release */ = {
			isa = XCBuildConfiguration;
			baseConfigurationReference = 97ED808C2E2369E3E757A6B8 /* Pods-carteirada-front-end-carteirada-front-endUITests.release.xcconfig */;
			buildSettings = {
				ALWAYS_EMBED_SWIFT_STANDARD_LIBRARIES = YES;
				CODE_SIGN_STYLE = Automatic;
				CURRENT_PROJECT_VERSION = 1;
				GENERATE_INFOPLIST_FILE = YES;
				MARKETING_VERSION = 1.0;
				PRODUCT_BUNDLE_IDENTIFIER = "com.robson.carteirada-front-endUITests";
				PRODUCT_NAME = "$(TARGET_NAME)";
				SWIFT_EMIT_LOC_STRINGS = NO;
				SWIFT_VERSION = 5.0;
				TARGETED_DEVICE_FAMILY = "1,2";
				TEST_TARGET_NAME = "carteirada-front-end";
			};
			name = Release;
		};
/* End XCBuildConfiguration section */

/* Begin XCConfigurationList section */
		91F3D97128D906FC00DD62CB /* Build configuration list for PBXProject "carteirada-front-end" */ = {
			isa = XCConfigurationList;
			buildConfigurations = (
				91F3D99E28D906FD00DD62CB /* Debug */,
				91F3D99F28D906FD00DD62CB /* Release */,
			);
			defaultConfigurationIsVisible = 0;
			defaultConfigurationName = Release;
		};
		91F3D9A028D906FD00DD62CB /* Build configuration list for PBXNativeTarget "carteirada-front-end" */ = {
			isa = XCConfigurationList;
			buildConfigurations = (
				91F3D9A128D906FD00DD62CB /* Debug */,
				91F3D9A228D906FD00DD62CB /* Release */,
			);
			defaultConfigurationIsVisible = 0;
			defaultConfigurationName = Release;
		};
		91F3D9A328D906FD00DD62CB /* Build configuration list for PBXNativeTarget "carteirada-front-endTests" */ = {
			isa = XCConfigurationList;
			buildConfigurations = (
				91F3D9A428D906FD00DD62CB /* Debug */,
				91F3D9A528D906FD00DD62CB /* Release */,
			);
			defaultConfigurationIsVisible = 0;
			defaultConfigurationName = Release;
		};
		91F3D9A628D906FD00DD62CB /* Build configuration list for PBXNativeTarget "carteirada-front-endUITests" */ = {
			isa = XCConfigurationList;
			buildConfigurations = (
				91F3D9A728D906FD00DD62CB /* Debug */,
				91F3D9A828D906FD00DD62CB /* Release */,
			);
			defaultConfigurationIsVisible = 0;
			defaultConfigurationName = Release;
		};
/* End XCConfigurationList section */
	};
	rootObject = 91F3D96E28D906FC00DD62CB /* Project object */;
}
